
Microsoft Visual Studio Solution File, Format Version 12.00
# Visual Studio 15
VisualStudioVersion = 15.0.27703.2035
MinimumVisualStudioVersion = 10.0.40219.1
Project("{2150E333-8FDC-42A3-9474-1A3956D46DE8}") = "01 kintamieji", "01 kintamieji", "{EA2FA025-372B-4181-B6CA-F0A4A0A2B69D}"
EndProject
Project("{2150E333-8FDC-42A3-9474-1A3956D46DE8}") = "02 isvedimai", "02 isvedimai", "{33471068-D4DA-44CC-ACA5-48A829B611B0}"
EndProject
Project("{2150E333-8FDC-42A3-9474-1A3956D46DE8}") = "03 aritmetiniai veiksmai", "03 aritmetiniai veiksmai", "{883E7782-74FE-47EF-9F76-140006AAB788}"
EndProject
Project("{2150E333-8FDC-42A3-9474-1A3956D46DE8}") = "04 ivedimas", "04 ivedimas", "{377E5751-ED0A-4986-88EE-AB24F316FF26}"
EndProject
Project("{9A19103F-16F7-4668-BE54-9A1E7A4F7556}") = "01-01", "ConsoleApp1\01-01.csproj", "{26468F9C-E921-4EE8-91F4-C887A50A741A}"
EndProject
Project("{9A19103F-16F7-4668-BE54-9A1E7A4F7556}") = "01-02 uzduotis", "01-02 uzduotis\01-02 uzduotis.csproj", "{66123AE4-1A7A-486C-9B3D-03A1DD7AB618}"
EndProject
Project("{FAE04EC0-301F-11D3-BF4B-00C04F79EFBC}") = "02-0 pavyzdziai", "02-0 pavyzdziai\02-0 pavyzdziai.csproj", "{BA4FF397-9EAA-4891-8C5D-C28F09B47EE1}"
EndProject
Project("{FAE04EC0-301F-11D3-BF4B-00C04F79EFBC}") = "02-01 uzduotis", "ConsoleApp2\02-01 uzduotis.csproj", "{DEE4DDAB-D273-456C-948E-520D77D69E2C}"
EndProject
Project("{FAE04EC0-301F-11D3-BF4B-00C04F79EFBC}") = "02-02 uzduotis", "02-02 uzduotis\02-02 uzduotis.csproj", "{4637E627-136E-4AD2-BC35-EFABF3994003}"
EndProject
Project("{FAE04EC0-301F-11D3-BF4B-00C04F79EFBC}") = "03-01", "03-01\03-01.csproj", "{6A71B1D4-0174-47C0-B68C-6A28BB279090}"
EndProject
Project("{FAE04EC0-301F-11D3-BF4B-00C04F79EFBC}") = "03-02 uzduotis", "03-02 uzduotis\03-02 uzduotis.csproj", "{693353E3-29B3-4995-9323-B964133C3AEF}"
EndProject
Project("{FAE04EC0-301F-11D3-BF4B-00C04F79EFBC}") = "03-03", "ConsoleApp3\03-03.csproj", "{BF22F3F2-F0EE-4771-AB98-2A51D81AC584}"
EndProject
Project("{FAE04EC0-301F-11D3-BF4B-00C04F79EFBC}") = "03-04", "03-04\03-04.csproj", "{342F27AA-70C6-481C-B305-F81908F5C53D}"
EndProject
Project("{FAE04EC0-301F-11D3-BF4B-00C04F79EFBC}") = "03-05", "ConsoleApp4\03-05.csproj", "{84FC5A60-5F89-4D5B-AA62-70E5BBF31851}"
EndProject
Project("{FAE04EC0-301F-11D3-BF4B-00C04F79EFBC}") = "03-06", "ConsoleApp6\03-06.csproj", "{CE0B62F9-E568-419A-BF70-BFE9B1876D1B}"
EndProject
Project("{FAE04EC0-301F-11D3-BF4B-00C04F79EFBC}") = "04-01", "04-01\04-01.csproj", "{E3F05B84-B113-4B5E-845C-C34E4D4B53EB}"
EndProject
Project("{FAE04EC0-301F-11D3-BF4B-00C04F79EFBC}") = "04-02", "04-02\04-02.csproj", "{201AF04A-B683-4857-821D-A2F0C660705A}"
EndProject
Project("{FAE04EC0-301F-11D3-BF4B-00C04F79EFBC}") = "04-03", "04-03\04-03.csproj", "{C6E462B9-425C-4BF2-8748-6253298EADC3}"
EndProject
Project("{FAE04EC0-301F-11D3-BF4B-00C04F79EFBC}") = "04-04", "04-04\04-04.csproj", "{250BAF6E-3595-4335-A6D0-530FB09A859B}"
EndProject
Project("{FAE04EC0-301F-11D3-BF4B-00C04F79EFBC}") = "04-05", "04-05\04-05.csproj", "{9A44F1ED-5594-44F7-9765-7B4A4BC8A4DC}"
EndProject
Project("{FAE04EC0-301F-11D3-BF4B-00C04F79EFBC}") = "04-00 pavyzdziai", "04-00 pavyzdziai\04-00 pavyzdziai.csproj", "{105E6E54-0BDB-4312-AEB4-57CA8435824B}"
EndProject
Project("{FAE04EC0-301F-11D3-BF4B-00C04F79EFBC}") = "04-06", "04-06\04-06.csproj", "{369CE2C4-D771-473C-8A78-01E155308638}"
EndProject
Project("{FAE04EC0-301F-11D3-BF4B-00C04F79EFBC}") = "04-07", "04-07\04-07.csproj", "{081E1A47-8278-465E-BC17-2F320CA64D36}"
EndProject
Project("{2150E333-8FDC-42A3-9474-1A3956D46DE8}") = "05 patikrinimo salyga if", "05 patikrinimo salyga if", "{235E9E87-BB0B-4E1F-9295-217DB4F2FFC8}"
EndProject
Project("{FAE04EC0-301F-11D3-BF4B-00C04F79EFBC}") = "05-01", "ConsoleApp8\05-01.csproj", "{E3000275-F5D8-48D0-9210-7CA8E40B85AF}"
EndProject
Project("{FAE04EC0-301F-11D3-BF4B-00C04F79EFBC}") = "05-02", "05-02\05-02.csproj", "{BEEA9867-45DE-4E37-89FE-7A1FF2699196}"
EndProject
Project("{FAE04EC0-301F-11D3-BF4B-00C04F79EFBC}") = "05-03", "05-03\05-03.csproj", "{D4EB1BA7-23BB-4349-AC55-B3CB1C9F3A29}"
EndProject
Project("{FAE04EC0-301F-11D3-BF4B-00C04F79EFBC}") = "05-04", "05-04\05-04.csproj", "{396629CB-11FD-4B3A-B3A7-3FAD9A5CD1FE}"
EndProject
Project("{2150E333-8FDC-42A3-9474-1A3956D46DE8}") = "06 else if", "06 else if", "{00FEF16D-F48F-4073-9B3F-83848AE78C33}"
EndProject
Project("{FAE04EC0-301F-11D3-BF4B-00C04F79EFBC}") = "06-01", "06-01\06-01.csproj", "{4AA3A72B-E56A-461B-9844-14CEC27D8E6B}"
EndProject
Project("{FAE04EC0-301F-11D3-BF4B-00C04F79EFBC}") = "06-02", "06-02\06-02.csproj", "{8E79189C-159C-494D-84DB-FE213FE90CC3}"
EndProject
Project("{FAE04EC0-301F-11D3-BF4B-00C04F79EFBC}") = "06-03", "06-03\06-03.csproj", "{35B7568C-95E1-4154-A094-52197F5EAB2B}"
EndProject
Project("{FAE04EC0-301F-11D3-BF4B-00C04F79EFBC}") = "06-04", "06-04\06-04.csproj", "{381C715A-9046-4176-B70D-ECB4B896740F}"
EndProject
Project("{2150E333-8FDC-42A3-9474-1A3956D46DE8}") = "07 else", "07 else", "{446D5A97-4682-4070-94E6-7D0839D2BBF0}"
EndProject
Project("{FAE04EC0-301F-11D3-BF4B-00C04F79EFBC}") = "07-01", "07-01\07-01.csproj", "{C5984B4E-A26A-4B36-8CB3-48354D36C180}"
EndProject
Project("{FAE04EC0-301F-11D3-BF4B-00C04F79EFBC}") = "07-02", "07-02\07-02.csproj", "{9453E994-B853-46CB-BDAD-2F0D9297B838}"
EndProject
Project("{2150E333-8FDC-42A3-9474-1A3956D46DE8}") = "08 operatoriai", "08 operatoriai", "{46606059-6F82-4045-972E-1346F89833B0}"
EndProject
Project("{FAE04EC0-301F-11D3-BF4B-00C04F79EFBC}") = "08-01", "08-01\08-01.csproj", "{967CA28F-4393-4841-9EF7-C5C1EC33168C}"
EndProject
Project("{FAE04EC0-301F-11D3-BF4B-00C04F79EFBC}") = "08-02", "08-02\08-02.csproj", "{13F8A9BB-3D8A-413B-9ADB-E32D346481A5}"
EndProject
Project("{FAE04EC0-301F-11D3-BF4B-00C04F79EFBC}") = "08-03", "08-03\08-03.csproj", "{EF6C2ACF-27A7-4C99-8BBB-C23F2FC9837F}"
EndProject
Project("{FAE04EC0-301F-11D3-BF4B-00C04F79EFBC}") = "08-04", "08-04\08-04.csproj", "{BEC10BE7-C666-4B19-8315-0CACCBBEBCA8}"
EndProject
Project("{2150E333-8FDC-42A3-9474-1A3956D46DE8}") = "09 Switch", "09 Switch", "{44C8C9D1-791E-4DA1-93C4-F2EC1CA23281}"
EndProject
Project("{FAE04EC0-301F-11D3-BF4B-00C04F79EFBC}") = "09-01", "09-01\09-01.csproj", "{EF72AAA6-C83B-49FF-B283-5C0A73D5AEF4}"
EndProject
Project("{FAE04EC0-301F-11D3-BF4B-00C04F79EFBC}") = "09-02", "09-02\09-02.csproj", "{83FC32A9-A6AA-4A6A-A19B-89F285BE7FAE}"
EndProject
Project("{FAE04EC0-301F-11D3-BF4B-00C04F79EFBC}") = "09-03", "09-03\09-03.csproj", "{9488C77C-686D-46D8-A23B-95305243731C}"
EndProject
Project("{FAE04EC0-301F-11D3-BF4B-00C04F79EFBC}") = "09-04", "09-04\09-04.csproj", "{59AB4D10-E0AA-4034-BB8A-9757258CF99C}"
EndProject
Project("{FAE04EC0-301F-11D3-BF4B-00C04F79EFBC}") = "09-05 tarpine", "09-05 tarpine\09-05 tarpine.csproj", "{D917C6F7-00EA-40F2-AF8C-BD5F09AC8663}"
EndProject
Project("{2150E333-8FDC-42A3-9474-1A3956D46DE8}") = "10 ciklas for", "10 ciklas for", "{C27E6491-F9E2-438A-A74C-03CED256BF6F}"
EndProject
Project("{FAE04EC0-301F-11D3-BF4B-00C04F79EFBC}") = "10-01", "10-1\10-01.csproj", "{FFCFAA97-852A-4665-8A07-8DC8B4AC8787}"
EndProject
Project("{FAE04EC0-301F-11D3-BF4B-00C04F79EFBC}") = "10-02", "10-02\10-02.csproj", "{341BC3FE-F579-4A8B-81DC-F1894C1D38DE}"
EndProject
Project("{FAE04EC0-301F-11D3-BF4B-00C04F79EFBC}") = "10-03", "10-03\10-03.csproj", "{67750864-57A2-4C5D-8B8E-1AD6EE17B2B2}"
EndProject
Project("{FAE04EC0-301F-11D3-BF4B-00C04F79EFBC}") = "10-04", "10-04\10-04.csproj", "{65FB1A9A-36EF-4292-B570-BF88E76792C6}"
EndProject
Project("{FAE04EC0-301F-11D3-BF4B-00C04F79EFBC}") = "10-05", "10-05\10-05.csproj", "{3219507C-73C5-44B1-97D1-B432AD7C24B5}"
EndProject
Project("{FAE04EC0-301F-11D3-BF4B-00C04F79EFBC}") = "10-06", "10-06\10-06.csproj", "{D7A335BF-83FD-4777-85A2-2B2ACB902AC4}"
EndProject
Project("{FAE04EC0-301F-11D3-BF4B-00C04F79EFBC}") = "10-07", "10-07\10-07.csproj", "{2538C557-D71E-44DD-B227-7AD74C70DED7}"
EndProject
Project("{2150E333-8FDC-42A3-9474-1A3956D46DE8}") = "Namu darbai", "Namu darbai", "{BBBBC4E0-0CD5-4A2F-B814-2DA6A68BE0EC}"
EndProject
Project("{2150E333-8FDC-42A3-9474-1A3956D46DE8}") = "01 paprasti", "01 paprasti", "{AC98C9AD-036C-4690-B96B-ED1D2601715F}"
EndProject
Project("{FAE04EC0-301F-11D3-BF4B-00C04F79EFBC}") = "01 nd", "01 nd\01 nd.csproj", "{7A756D9F-BCFB-4E65-99DA-EB60FF9F0560}"
EndProject
Project("{FAE04EC0-301F-11D3-BF4B-00C04F79EFBC}") = "02 nd", "02 nd\02 nd.csproj", "{83272021-7D0C-4BCB-B335-A2509D6BB1BC}"
EndProject
Project("{FAE04EC0-301F-11D3-BF4B-00C04F79EFBC}") = "03 nd", "03 nd\03 nd.csproj", "{A703567C-F239-482D-8951-9005C3F557EE}"
EndProject
Project("{FAE04EC0-301F-11D3-BF4B-00C04F79EFBC}") = "04 nd", "04 nd\04 nd.csproj", "{46FF6937-7AE1-44F8-879D-157BFC8087BD}"
EndProject
Project("{FAE04EC0-301F-11D3-BF4B-00C04F79EFBC}") = "05 nd", "05 nd\05 nd.csproj", "{3D6DB1AD-3E67-44D7-B8D5-773E73349AA4}"
EndProject
Project("{FAE04EC0-301F-11D3-BF4B-00C04F79EFBC}") = "06 nd", "06 nd\06 nd.csproj", "{8E531C26-82A0-42B0-90C4-DF14CE9E3C39}"
EndProject
Project("{FAE04EC0-301F-11D3-BF4B-00C04F79EFBC}") = "07 nd", "07 nd\07 nd.csproj", "{2FFE18FD-8D09-4A92-954B-8664A9A95A3D}"
EndProject
Project("{FAE04EC0-301F-11D3-BF4B-00C04F79EFBC}") = "08 nd", "08 nd\08 nd.csproj", "{26C5B1A9-5DB3-43EF-A7D7-7329219C18E7}"
EndProject
Project("{FAE04EC0-301F-11D3-BF4B-00C04F79EFBC}") = "09 nd", "09 nd\09 nd.csproj", "{9ED0A27C-9167-4DB1-9A7B-05D2AD34C832}"
EndProject
Project("{FAE04EC0-301F-11D3-BF4B-00C04F79EFBC}") = "11 nd", "11 nd\11 nd.csproj", "{097DE0C6-6123-47AD-8050-6A3FA73CB298}"
EndProject
Project("{FAE04EC0-301F-11D3-BF4B-00C04F79EFBC}") = "10 nd", "10 nd\10 nd.csproj", "{C91F8736-26E9-4E14-BC38-DB2F3BBD68A9}"
EndProject
Project("{FAE04EC0-301F-11D3-BF4B-00C04F79EFBC}") = "12 nd", "12 nd\12 nd.csproj", "{C515E4E7-E283-423E-A08F-D525BD91F2BF}"
EndProject
Project("{FAE04EC0-301F-11D3-BF4B-00C04F79EFBC}") = "13 nd", "13 nd\13 nd.csproj", "{7FA3F60F-1AE7-43D2-A7E2-4C849E867083}"
EndProject
Project("{FAE04EC0-301F-11D3-BF4B-00C04F79EFBC}") = "14 nd", "14 nd\14 nd.csproj", "{57011108-AB30-4A02-AF15-9F05923C175A}"
EndProject
Project("{FAE04EC0-301F-11D3-BF4B-00C04F79EFBC}") = "15 nd", "15 nd\15 nd.csproj", "{FEB8A658-4E41-48EF-9987-0B63A40B951D}"
EndProject
Project("{FAE04EC0-301F-11D3-BF4B-00C04F79EFBC}") = "16 nd", "16 nd\16 nd.csproj", "{717EF3ED-5141-4C34-827C-CE04E13D0E9B}"
EndProject
Project("{FAE04EC0-301F-11D3-BF4B-00C04F79EFBC}") = "17 nd", "17 nd\17 nd.csproj", "{DA4E7EA8-484A-4E1E-9FB9-D6B2B3F4BA50}"
EndProject
Project("{2150E333-8FDC-42A3-9474-1A3956D46DE8}") = "02 sudetingesni", "02 sudetingesni", "{76D1FD1A-40A9-4704-8DB9-D85CA3C3C807}"
EndProject
Project("{FAE04EC0-301F-11D3-BF4B-00C04F79EFBC}") = "02-01nd", "02-01nd\02-01nd.csproj", "{0B9B40CA-2C6F-4897-9301-40585FF71960}"
EndProject
Project("{FAE04EC0-301F-11D3-BF4B-00C04F79EFBC}") = "02-02nd", "02-02nd\02-02nd.csproj", "{225F5FDD-704D-4012-BFC8-CFD4123F7D6D}"
EndProject
Project("{FAE04EC0-301F-11D3-BF4B-00C04F79EFBC}") = "10-08", "ConsoleApp9\10-08.csproj", "{390CB816-C047-4A6F-A618-E457DEE9B71D}"
EndProject
Project("{FAE04EC0-301F-11D3-BF4B-00C04F79EFBC}") = "10-09", "10-09\10-09.csproj", "{12ED22AD-35A3-4ACC-9CB3-40345DBAB9BC}"
EndProject
Project("{FAE04EC0-301F-11D3-BF4B-00C04F79EFBC}") = "10-10", "10-10\10-10.csproj", "{0B09103C-472F-44C8-9B73-4CF4873DC98C}"
EndProject
Project("{FAE04EC0-301F-11D3-BF4B-00C04F79EFBC}") = "10-11", "10-11\10-11.csproj", "{714AF37A-0464-4862-9B61-F0BAD08B071D}"
EndProject
Project("{FAE04EC0-301F-11D3-BF4B-00C04F79EFBC}") = "10-12", "10-12\10-12.csproj", "{DD3E69A0-2DDB-4681-8AAC-5816D6ABA9CE}"
EndProject
Project("{FAE04EC0-301F-11D3-BF4B-00C04F79EFBC}") = "10-13", "10-13\10-13.csproj", "{7F6772B1-1D58-4C5B-8D56-E0CDDB4E6533}"
EndProject
Project("{2150E333-8FDC-42A3-9474-1A3956D46DE8}") = "11 while ciklas", "11 while ciklas", "{2BFBF4BE-80CC-480D-916D-37E57C03ABFF}"
EndProject
Project("{FAE04EC0-301F-11D3-BF4B-00C04F79EFBC}") = "11-01", "11-01\11-01.csproj", "{FE37C493-BF4C-4707-BD3D-F1B6884AF59E}"
EndProject
Project("{FAE04EC0-301F-11D3-BF4B-00C04F79EFBC}") = "11-02", "11-02\11-02.csproj", "{8EBBD1B7-8A5E-4DA5-973B-7ED9436E0BDE}"
EndProject
Project("{FAE04EC0-301F-11D3-BF4B-00C04F79EFBC}") = "11-03", "11-03\11-03.csproj", "{EE505D23-8D1D-47FC-9B19-56D26A6F808B}"
EndProject
Project("{FAE04EC0-301F-11D3-BF4B-00C04F79EFBC}") = "11-04", "11-04\11-04.csproj", "{BA96FAF6-4B97-41FA-9265-B3C6FD2BBDB3}"
EndProject
Project("{FAE04EC0-301F-11D3-BF4B-00C04F79EFBC}") = "11-05", "11-05\11-05.csproj", "{EF31BADD-A453-40FD-B819-6E59E47C29DB}"
EndProject
Project("{FAE04EC0-301F-11D3-BF4B-00C04F79EFBC}") = "11-06", "11-06\11-06.csproj", "{B3E6DCD3-F89D-4DBC-8A54-EBB4B08D2597}"
EndProject
Project("{2150E333-8FDC-42A3-9474-1A3956D46DE8}") = "12 do while ciklas", "12 do while ciklas", "{406CFD30-E8C6-48A1-B5C8-B98A0A36C276}"
EndProject
Project("{FAE04EC0-301F-11D3-BF4B-00C04F79EFBC}") = "12-01", "12-01\12-01.csproj", "{CDDFCB36-3E38-4F70-83F8-A9F12FA8F039}"
EndProject
Project("{FAE04EC0-301F-11D3-BF4B-00C04F79EFBC}") = "12-02", "12-02\12-02.csproj", "{284D2923-BDC3-46F9-BF59-BB0F5A21E72F}"
EndProject
Project("{FAE04EC0-301F-11D3-BF4B-00C04F79EFBC}") = "12-03", "12-03\12-03.csproj", "{015C5042-A9FE-4998-9CF6-054563C2FC0A}"
EndProject
Project("{2150E333-8FDC-42A3-9474-1A3956D46DE8}") = "darbas klasej", "darbas klasej", "{7DCFBE62-5214-41B9-9356-6EB7106C0F49}"
EndProject
Project("{FAE04EC0-301F-11D3-BF4B-00C04F79EFBC}") = "01 for ciklas", "01 for ciklas\01 for ciklas.csproj", "{74D7DAF1-325B-48D2-80DE-F73D98E7E000}"
EndProject
Project("{FAE04EC0-301F-11D3-BF4B-00C04F79EFBC}") = "02-03nd", "02-03\02-03nd.csproj", "{18CF778E-9DAE-48A9-8487-ADFB95058601}"
EndProject
Project("{2150E333-8FDC-42A3-9474-1A3956D46DE8}") = "13 masyvai", "13 masyvai", "{EFBCBBE6-A3F3-47D6-9536-1D23FCF8082D}"
EndProject
Project("{FAE04EC0-301F-11D3-BF4B-00C04F79EFBC}") = "13-01", "13-01\13-01.csproj", "{344C0ABC-0EC9-4079-9EC7-4E9A8231E471}"
EndProject
Project("{FAE04EC0-301F-11D3-BF4B-00C04F79EFBC}") = "13-02", "13-02\13-02.csproj", "{64A1CC82-C791-44E6-A1C5-77C72294578E}"
EndProject
Project("{FAE04EC0-301F-11D3-BF4B-00C04F79EFBC}") = "13-03", "13-03\13-03.csproj", "{4E88A716-EA66-4A65-82FF-3B0CEBDB3013}"
EndProject
Project("{FAE04EC0-301F-11D3-BF4B-00C04F79EFBC}") = "13-04", "13-04\13-04.csproj", "{65D74697-91A7-4AED-B117-119B56A4E4A1}"
EndProject
Project("{FAE04EC0-301F-11D3-BF4B-00C04F79EFBC}") = "13-05", "13-05\13-05.csproj", "{E1215E07-59C8-4102-9ABC-335C50F06C10}"
EndProject
Project("{FAE04EC0-301F-11D3-BF4B-00C04F79EFBC}") = "13-06", "13-06\13-06.csproj", "{6E3D2973-75D4-43E6-ABF3-6D3A391D662D}"
EndProject
Project("{FAE04EC0-301F-11D3-BF4B-00C04F79EFBC}") = "13-07", "13-07\13-07.csproj", "{9CB3B952-BD45-486F-AF60-19F2A35339B2}"
EndProject
Project("{2150E333-8FDC-42A3-9474-1A3956D46DE8}") = "14 List", "14 List", "{694D4A44-98B6-4192-AD50-B2E30DF002A5}"
EndProject
Project("{FAE04EC0-301F-11D3-BF4B-00C04F79EFBC}") = "14-01", "14-01\14-01.csproj", "{7A2E720D-A98C-4B65-86E4-C42367CB6D59}"
EndProject
Project("{FAE04EC0-301F-11D3-BF4B-00C04F79EFBC}") = "14-02", "14-02\14-02.csproj", "{9F081792-4BCC-420E-9BF6-D631A9677391}"
EndProject
Project("{FAE04EC0-301F-11D3-BF4B-00C04F79EFBC}") = "14-03", "14-03\14-03.csproj", "{19A144B0-AF3D-4C05-B006-53BE2DF89637}"
EndProject
Project("{2150E333-8FDC-42A3-9474-1A3956D46DE8}") = "15 metodai", "15 metodai", "{045309F9-2FB1-4689-ABCA-E8DC5F293DC0}"
EndProject
Project("{FAE04EC0-301F-11D3-BF4B-00C04F79EFBC}") = "15-01", "15-01\15-01.csproj", "{13E606AA-164A-4923-9690-C6444DE1BC96}"
EndProject
Project("{FAE04EC0-301F-11D3-BF4B-00C04F79EFBC}") = "15-01-1", "15-01-1\15-01-1.csproj", "{FCD77DA2-D172-4FD0-958B-D266FFDBA25F}"
EndProject
Project("{FAE04EC0-301F-11D3-BF4B-00C04F79EFBC}") = "Pasisveikinti", "Pasisveikinti\Pasisveikinti.csproj", "{8EC4CCF0-23FC-4AFB-A4BF-FBED562159AE}"
EndProject
Project("{FAE04EC0-301F-11D3-BF4B-00C04F79EFBC}") = "15-02", "15-02\15-02.csproj", "{29E74E56-9D38-42ED-AE35-FF2BF7588782}"
EndProject
Project("{FAE04EC0-301F-11D3-BF4B-00C04F79EFBC}") = "15-03", "15-03\15-03.csproj", "{DDE506AA-6015-45E7-8766-260E798FB028}"
EndProject
Project("{FAE04EC0-301F-11D3-BF4B-00C04F79EFBC}") = "15-04", "15-04\15-04.csproj", "{E87352AF-8981-4DEF-8609-C0C03D740B41}"
EndProject
Project("{FAE04EC0-301F-11D3-BF4B-00C04F79EFBC}") = "15-05", "15-05\15-05.csproj", "{D7AF5F40-2DE0-42F3-ACA7-43D80C649A5E}"
EndProject
Project("{2150E333-8FDC-42A3-9474-1A3956D46DE8}") = "03 namu darbai", "03 namu darbai", "{0F0F109E-F12A-4C03-81D6-E88B86706D4E}"
EndProject
Project("{FAE04EC0-301F-11D3-BF4B-00C04F79EFBC}") = "nd03-01", "nd03-01\nd03-01.csproj", "{6D096C98-8D6F-4468-B469-00631D83686F}"
EndProject
Project("{FAE04EC0-301F-11D3-BF4B-00C04F79EFBC}") = "nd03-02", "nd03-02\nd03-02.csproj", "{6FB676B1-D6A2-4BF8-B538-2AD99DAE8174}"
EndProject
Project("{FAE04EC0-301F-11D3-BF4B-00C04F79EFBC}") = "nd03-03", "nd03-03\nd03-03.csproj", "{7E39A9FE-3B0A-4AF5-B744-90D3D2C74CE0}"
EndProject
Project("{FAE04EC0-301F-11D3-BF4B-00C04F79EFBC}") = "nd03-04", "nd03-04\nd03-04.csproj", "{6F058030-9E7F-49F8-8494-A0E7C132F5B2}"
EndProject
Project("{2150E333-8FDC-42A3-9474-1A3956D46DE8}") = "17  Metodai", "17  Metodai", "{EE92CDFC-46EB-43AC-BFDD-786A533779DE}"
EndProject
Project("{FAE04EC0-301F-11D3-BF4B-00C04F79EFBC}") = "17-01 darbas klasej", "17-01\17-01 darbas klasej.csproj", "{DE5AF885-4942-44EF-AEA0-0786AB1ED551}"
EndProject
Project("{FAE04EC0-301F-11D3-BF4B-00C04F79EFBC}") = "17-02", "17-02\17-02.csproj", "{EB95D2F1-388B-45E1-8883-8B88B6586D5D}"
EndProject
Project("{2150E333-8FDC-42A3-9474-1A3956D46DE8}") = "18 Klases", "18 Klases", "{2C599583-D160-4350-8208-A35530E74811}"
EndProject
Project("{FAE04EC0-301F-11D3-BF4B-00C04F79EFBC}") = "18-00 pavyzdziai", "18-00 pavyzdziai\18-00 pavyzdziai.csproj", "{38AFEACE-82B1-4182-B97C-CEC7EB9BDA91}"
EndProject
Project("{FAE04EC0-301F-11D3-BF4B-00C04F79EFBC}") = "18-01 Kepyklele", "18-01 Kepyklele\18-01 Kepyklele.csproj", "{4E5C7A24-978C-473A-A0E1-C17BF808E3EC}"
EndProject
Global
	GlobalSection(SolutionConfigurationPlatforms) = preSolution
		Debug|Any CPU = Debug|Any CPU
		Release|Any CPU = Release|Any CPU
	EndGlobalSection
	GlobalSection(ProjectConfigurationPlatforms) = postSolution
		{26468F9C-E921-4EE8-91F4-C887A50A741A}.Debug|Any CPU.ActiveCfg = Debug|Any CPU
		{26468F9C-E921-4EE8-91F4-C887A50A741A}.Debug|Any CPU.Build.0 = Debug|Any CPU
		{26468F9C-E921-4EE8-91F4-C887A50A741A}.Release|Any CPU.ActiveCfg = Release|Any CPU
		{26468F9C-E921-4EE8-91F4-C887A50A741A}.Release|Any CPU.Build.0 = Release|Any CPU
		{66123AE4-1A7A-486C-9B3D-03A1DD7AB618}.Debug|Any CPU.ActiveCfg = Debug|Any CPU
		{66123AE4-1A7A-486C-9B3D-03A1DD7AB618}.Debug|Any CPU.Build.0 = Debug|Any CPU
		{66123AE4-1A7A-486C-9B3D-03A1DD7AB618}.Release|Any CPU.ActiveCfg = Release|Any CPU
		{66123AE4-1A7A-486C-9B3D-03A1DD7AB618}.Release|Any CPU.Build.0 = Release|Any CPU
		{BA4FF397-9EAA-4891-8C5D-C28F09B47EE1}.Debug|Any CPU.ActiveCfg = Debug|Any CPU
		{BA4FF397-9EAA-4891-8C5D-C28F09B47EE1}.Debug|Any CPU.Build.0 = Debug|Any CPU
		{BA4FF397-9EAA-4891-8C5D-C28F09B47EE1}.Release|Any CPU.ActiveCfg = Release|Any CPU
		{BA4FF397-9EAA-4891-8C5D-C28F09B47EE1}.Release|Any CPU.Build.0 = Release|Any CPU
		{DEE4DDAB-D273-456C-948E-520D77D69E2C}.Debug|Any CPU.ActiveCfg = Debug|Any CPU
		{DEE4DDAB-D273-456C-948E-520D77D69E2C}.Debug|Any CPU.Build.0 = Debug|Any CPU
		{DEE4DDAB-D273-456C-948E-520D77D69E2C}.Release|Any CPU.ActiveCfg = Release|Any CPU
		{DEE4DDAB-D273-456C-948E-520D77D69E2C}.Release|Any CPU.Build.0 = Release|Any CPU
		{4637E627-136E-4AD2-BC35-EFABF3994003}.Debug|Any CPU.ActiveCfg = Debug|Any CPU
		{4637E627-136E-4AD2-BC35-EFABF3994003}.Debug|Any CPU.Build.0 = Debug|Any CPU
		{4637E627-136E-4AD2-BC35-EFABF3994003}.Release|Any CPU.ActiveCfg = Release|Any CPU
		{4637E627-136E-4AD2-BC35-EFABF3994003}.Release|Any CPU.Build.0 = Release|Any CPU
		{6A71B1D4-0174-47C0-B68C-6A28BB279090}.Debug|Any CPU.ActiveCfg = Debug|Any CPU
		{6A71B1D4-0174-47C0-B68C-6A28BB279090}.Debug|Any CPU.Build.0 = Debug|Any CPU
		{6A71B1D4-0174-47C0-B68C-6A28BB279090}.Release|Any CPU.ActiveCfg = Release|Any CPU
		{6A71B1D4-0174-47C0-B68C-6A28BB279090}.Release|Any CPU.Build.0 = Release|Any CPU
		{693353E3-29B3-4995-9323-B964133C3AEF}.Debug|Any CPU.ActiveCfg = Debug|Any CPU
		{693353E3-29B3-4995-9323-B964133C3AEF}.Debug|Any CPU.Build.0 = Debug|Any CPU
		{693353E3-29B3-4995-9323-B964133C3AEF}.Release|Any CPU.ActiveCfg = Release|Any CPU
		{693353E3-29B3-4995-9323-B964133C3AEF}.Release|Any CPU.Build.0 = Release|Any CPU
		{BF22F3F2-F0EE-4771-AB98-2A51D81AC584}.Debug|Any CPU.ActiveCfg = Debug|Any CPU
		{BF22F3F2-F0EE-4771-AB98-2A51D81AC584}.Debug|Any CPU.Build.0 = Debug|Any CPU
		{BF22F3F2-F0EE-4771-AB98-2A51D81AC584}.Release|Any CPU.ActiveCfg = Release|Any CPU
		{BF22F3F2-F0EE-4771-AB98-2A51D81AC584}.Release|Any CPU.Build.0 = Release|Any CPU
		{342F27AA-70C6-481C-B305-F81908F5C53D}.Debug|Any CPU.ActiveCfg = Debug|Any CPU
		{342F27AA-70C6-481C-B305-F81908F5C53D}.Debug|Any CPU.Build.0 = Debug|Any CPU
		{342F27AA-70C6-481C-B305-F81908F5C53D}.Release|Any CPU.ActiveCfg = Release|Any CPU
		{342F27AA-70C6-481C-B305-F81908F5C53D}.Release|Any CPU.Build.0 = Release|Any CPU
		{84FC5A60-5F89-4D5B-AA62-70E5BBF31851}.Debug|Any CPU.ActiveCfg = Debug|Any CPU
		{84FC5A60-5F89-4D5B-AA62-70E5BBF31851}.Debug|Any CPU.Build.0 = Debug|Any CPU
		{84FC5A60-5F89-4D5B-AA62-70E5BBF31851}.Release|Any CPU.ActiveCfg = Release|Any CPU
		{84FC5A60-5F89-4D5B-AA62-70E5BBF31851}.Release|Any CPU.Build.0 = Release|Any CPU
		{CE0B62F9-E568-419A-BF70-BFE9B1876D1B}.Debug|Any CPU.ActiveCfg = Debug|Any CPU
		{CE0B62F9-E568-419A-BF70-BFE9B1876D1B}.Debug|Any CPU.Build.0 = Debug|Any CPU
		{CE0B62F9-E568-419A-BF70-BFE9B1876D1B}.Release|Any CPU.ActiveCfg = Release|Any CPU
		{CE0B62F9-E568-419A-BF70-BFE9B1876D1B}.Release|Any CPU.Build.0 = Release|Any CPU
		{E3F05B84-B113-4B5E-845C-C34E4D4B53EB}.Debug|Any CPU.ActiveCfg = Debug|Any CPU
		{E3F05B84-B113-4B5E-845C-C34E4D4B53EB}.Debug|Any CPU.Build.0 = Debug|Any CPU
		{E3F05B84-B113-4B5E-845C-C34E4D4B53EB}.Release|Any CPU.ActiveCfg = Release|Any CPU
		{E3F05B84-B113-4B5E-845C-C34E4D4B53EB}.Release|Any CPU.Build.0 = Release|Any CPU
		{201AF04A-B683-4857-821D-A2F0C660705A}.Debug|Any CPU.ActiveCfg = Debug|Any CPU
		{201AF04A-B683-4857-821D-A2F0C660705A}.Debug|Any CPU.Build.0 = Debug|Any CPU
		{201AF04A-B683-4857-821D-A2F0C660705A}.Release|Any CPU.ActiveCfg = Release|Any CPU
		{201AF04A-B683-4857-821D-A2F0C660705A}.Release|Any CPU.Build.0 = Release|Any CPU
		{C6E462B9-425C-4BF2-8748-6253298EADC3}.Debug|Any CPU.ActiveCfg = Debug|Any CPU
		{C6E462B9-425C-4BF2-8748-6253298EADC3}.Debug|Any CPU.Build.0 = Debug|Any CPU
		{C6E462B9-425C-4BF2-8748-6253298EADC3}.Release|Any CPU.ActiveCfg = Release|Any CPU
		{C6E462B9-425C-4BF2-8748-6253298EADC3}.Release|Any CPU.Build.0 = Release|Any CPU
		{250BAF6E-3595-4335-A6D0-530FB09A859B}.Debug|Any CPU.ActiveCfg = Debug|Any CPU
		{250BAF6E-3595-4335-A6D0-530FB09A859B}.Debug|Any CPU.Build.0 = Debug|Any CPU
		{250BAF6E-3595-4335-A6D0-530FB09A859B}.Release|Any CPU.ActiveCfg = Release|Any CPU
		{250BAF6E-3595-4335-A6D0-530FB09A859B}.Release|Any CPU.Build.0 = Release|Any CPU
		{9A44F1ED-5594-44F7-9765-7B4A4BC8A4DC}.Debug|Any CPU.ActiveCfg = Debug|Any CPU
		{9A44F1ED-5594-44F7-9765-7B4A4BC8A4DC}.Debug|Any CPU.Build.0 = Debug|Any CPU
		{9A44F1ED-5594-44F7-9765-7B4A4BC8A4DC}.Release|Any CPU.ActiveCfg = Release|Any CPU
		{9A44F1ED-5594-44F7-9765-7B4A4BC8A4DC}.Release|Any CPU.Build.0 = Release|Any CPU
		{105E6E54-0BDB-4312-AEB4-57CA8435824B}.Debug|Any CPU.ActiveCfg = Debug|Any CPU
		{105E6E54-0BDB-4312-AEB4-57CA8435824B}.Debug|Any CPU.Build.0 = Debug|Any CPU
		{105E6E54-0BDB-4312-AEB4-57CA8435824B}.Release|Any CPU.ActiveCfg = Release|Any CPU
		{105E6E54-0BDB-4312-AEB4-57CA8435824B}.Release|Any CPU.Build.0 = Release|Any CPU
		{369CE2C4-D771-473C-8A78-01E155308638}.Debug|Any CPU.ActiveCfg = Debug|Any CPU
		{369CE2C4-D771-473C-8A78-01E155308638}.Debug|Any CPU.Build.0 = Debug|Any CPU
		{369CE2C4-D771-473C-8A78-01E155308638}.Release|Any CPU.ActiveCfg = Release|Any CPU
		{369CE2C4-D771-473C-8A78-01E155308638}.Release|Any CPU.Build.0 = Release|Any CPU
		{081E1A47-8278-465E-BC17-2F320CA64D36}.Debug|Any CPU.ActiveCfg = Debug|Any CPU
		{081E1A47-8278-465E-BC17-2F320CA64D36}.Debug|Any CPU.Build.0 = Debug|Any CPU
		{081E1A47-8278-465E-BC17-2F320CA64D36}.Release|Any CPU.ActiveCfg = Release|Any CPU
		{081E1A47-8278-465E-BC17-2F320CA64D36}.Release|Any CPU.Build.0 = Release|Any CPU
		{E3000275-F5D8-48D0-9210-7CA8E40B85AF}.Debug|Any CPU.ActiveCfg = Debug|Any CPU
		{E3000275-F5D8-48D0-9210-7CA8E40B85AF}.Debug|Any CPU.Build.0 = Debug|Any CPU
		{E3000275-F5D8-48D0-9210-7CA8E40B85AF}.Release|Any CPU.ActiveCfg = Release|Any CPU
		{E3000275-F5D8-48D0-9210-7CA8E40B85AF}.Release|Any CPU.Build.0 = Release|Any CPU
		{BEEA9867-45DE-4E37-89FE-7A1FF2699196}.Debug|Any CPU.ActiveCfg = Debug|Any CPU
		{BEEA9867-45DE-4E37-89FE-7A1FF2699196}.Debug|Any CPU.Build.0 = Debug|Any CPU
		{BEEA9867-45DE-4E37-89FE-7A1FF2699196}.Release|Any CPU.ActiveCfg = Release|Any CPU
		{BEEA9867-45DE-4E37-89FE-7A1FF2699196}.Release|Any CPU.Build.0 = Release|Any CPU
		{D4EB1BA7-23BB-4349-AC55-B3CB1C9F3A29}.Debug|Any CPU.ActiveCfg = Debug|Any CPU
		{D4EB1BA7-23BB-4349-AC55-B3CB1C9F3A29}.Debug|Any CPU.Build.0 = Debug|Any CPU
		{D4EB1BA7-23BB-4349-AC55-B3CB1C9F3A29}.Release|Any CPU.ActiveCfg = Release|Any CPU
		{D4EB1BA7-23BB-4349-AC55-B3CB1C9F3A29}.Release|Any CPU.Build.0 = Release|Any CPU
		{396629CB-11FD-4B3A-B3A7-3FAD9A5CD1FE}.Debug|Any CPU.ActiveCfg = Debug|Any CPU
		{396629CB-11FD-4B3A-B3A7-3FAD9A5CD1FE}.Debug|Any CPU.Build.0 = Debug|Any CPU
		{396629CB-11FD-4B3A-B3A7-3FAD9A5CD1FE}.Release|Any CPU.ActiveCfg = Release|Any CPU
		{396629CB-11FD-4B3A-B3A7-3FAD9A5CD1FE}.Release|Any CPU.Build.0 = Release|Any CPU
		{4AA3A72B-E56A-461B-9844-14CEC27D8E6B}.Debug|Any CPU.ActiveCfg = Debug|Any CPU
		{4AA3A72B-E56A-461B-9844-14CEC27D8E6B}.Debug|Any CPU.Build.0 = Debug|Any CPU
		{4AA3A72B-E56A-461B-9844-14CEC27D8E6B}.Release|Any CPU.ActiveCfg = Release|Any CPU
		{4AA3A72B-E56A-461B-9844-14CEC27D8E6B}.Release|Any CPU.Build.0 = Release|Any CPU
		{8E79189C-159C-494D-84DB-FE213FE90CC3}.Debug|Any CPU.ActiveCfg = Debug|Any CPU
		{8E79189C-159C-494D-84DB-FE213FE90CC3}.Debug|Any CPU.Build.0 = Debug|Any CPU
		{8E79189C-159C-494D-84DB-FE213FE90CC3}.Release|Any CPU.ActiveCfg = Release|Any CPU
		{8E79189C-159C-494D-84DB-FE213FE90CC3}.Release|Any CPU.Build.0 = Release|Any CPU
		{35B7568C-95E1-4154-A094-52197F5EAB2B}.Debug|Any CPU.ActiveCfg = Debug|Any CPU
		{35B7568C-95E1-4154-A094-52197F5EAB2B}.Debug|Any CPU.Build.0 = Debug|Any CPU
		{35B7568C-95E1-4154-A094-52197F5EAB2B}.Release|Any CPU.ActiveCfg = Release|Any CPU
		{35B7568C-95E1-4154-A094-52197F5EAB2B}.Release|Any CPU.Build.0 = Release|Any CPU
		{381C715A-9046-4176-B70D-ECB4B896740F}.Debug|Any CPU.ActiveCfg = Debug|Any CPU
		{381C715A-9046-4176-B70D-ECB4B896740F}.Debug|Any CPU.Build.0 = Debug|Any CPU
		{381C715A-9046-4176-B70D-ECB4B896740F}.Release|Any CPU.ActiveCfg = Release|Any CPU
		{381C715A-9046-4176-B70D-ECB4B896740F}.Release|Any CPU.Build.0 = Release|Any CPU
		{C5984B4E-A26A-4B36-8CB3-48354D36C180}.Debug|Any CPU.ActiveCfg = Debug|Any CPU
		{C5984B4E-A26A-4B36-8CB3-48354D36C180}.Debug|Any CPU.Build.0 = Debug|Any CPU
		{C5984B4E-A26A-4B36-8CB3-48354D36C180}.Release|Any CPU.ActiveCfg = Release|Any CPU
		{C5984B4E-A26A-4B36-8CB3-48354D36C180}.Release|Any CPU.Build.0 = Release|Any CPU
		{9453E994-B853-46CB-BDAD-2F0D9297B838}.Debug|Any CPU.ActiveCfg = Debug|Any CPU
		{9453E994-B853-46CB-BDAD-2F0D9297B838}.Debug|Any CPU.Build.0 = Debug|Any CPU
		{9453E994-B853-46CB-BDAD-2F0D9297B838}.Release|Any CPU.ActiveCfg = Release|Any CPU
		{9453E994-B853-46CB-BDAD-2F0D9297B838}.Release|Any CPU.Build.0 = Release|Any CPU
		{967CA28F-4393-4841-9EF7-C5C1EC33168C}.Debug|Any CPU.ActiveCfg = Debug|Any CPU
		{967CA28F-4393-4841-9EF7-C5C1EC33168C}.Debug|Any CPU.Build.0 = Debug|Any CPU
		{967CA28F-4393-4841-9EF7-C5C1EC33168C}.Release|Any CPU.ActiveCfg = Release|Any CPU
		{967CA28F-4393-4841-9EF7-C5C1EC33168C}.Release|Any CPU.Build.0 = Release|Any CPU
		{13F8A9BB-3D8A-413B-9ADB-E32D346481A5}.Debug|Any CPU.ActiveCfg = Debug|Any CPU
		{13F8A9BB-3D8A-413B-9ADB-E32D346481A5}.Debug|Any CPU.Build.0 = Debug|Any CPU
		{13F8A9BB-3D8A-413B-9ADB-E32D346481A5}.Release|Any CPU.ActiveCfg = Release|Any CPU
		{13F8A9BB-3D8A-413B-9ADB-E32D346481A5}.Release|Any CPU.Build.0 = Release|Any CPU
		{EF6C2ACF-27A7-4C99-8BBB-C23F2FC9837F}.Debug|Any CPU.ActiveCfg = Debug|Any CPU
		{EF6C2ACF-27A7-4C99-8BBB-C23F2FC9837F}.Debug|Any CPU.Build.0 = Debug|Any CPU
		{EF6C2ACF-27A7-4C99-8BBB-C23F2FC9837F}.Release|Any CPU.ActiveCfg = Release|Any CPU
		{EF6C2ACF-27A7-4C99-8BBB-C23F2FC9837F}.Release|Any CPU.Build.0 = Release|Any CPU
		{BEC10BE7-C666-4B19-8315-0CACCBBEBCA8}.Debug|Any CPU.ActiveCfg = Debug|Any CPU
		{BEC10BE7-C666-4B19-8315-0CACCBBEBCA8}.Debug|Any CPU.Build.0 = Debug|Any CPU
		{BEC10BE7-C666-4B19-8315-0CACCBBEBCA8}.Release|Any CPU.ActiveCfg = Release|Any CPU
		{BEC10BE7-C666-4B19-8315-0CACCBBEBCA8}.Release|Any CPU.Build.0 = Release|Any CPU
		{EF72AAA6-C83B-49FF-B283-5C0A73D5AEF4}.Debug|Any CPU.ActiveCfg = Debug|Any CPU
		{EF72AAA6-C83B-49FF-B283-5C0A73D5AEF4}.Debug|Any CPU.Build.0 = Debug|Any CPU
		{EF72AAA6-C83B-49FF-B283-5C0A73D5AEF4}.Release|Any CPU.ActiveCfg = Release|Any CPU
		{EF72AAA6-C83B-49FF-B283-5C0A73D5AEF4}.Release|Any CPU.Build.0 = Release|Any CPU
		{83FC32A9-A6AA-4A6A-A19B-89F285BE7FAE}.Debug|Any CPU.ActiveCfg = Debug|Any CPU
		{83FC32A9-A6AA-4A6A-A19B-89F285BE7FAE}.Debug|Any CPU.Build.0 = Debug|Any CPU
		{83FC32A9-A6AA-4A6A-A19B-89F285BE7FAE}.Release|Any CPU.ActiveCfg = Release|Any CPU
		{83FC32A9-A6AA-4A6A-A19B-89F285BE7FAE}.Release|Any CPU.Build.0 = Release|Any CPU
		{9488C77C-686D-46D8-A23B-95305243731C}.Debug|Any CPU.ActiveCfg = Debug|Any CPU
		{9488C77C-686D-46D8-A23B-95305243731C}.Debug|Any CPU.Build.0 = Debug|Any CPU
		{9488C77C-686D-46D8-A23B-95305243731C}.Release|Any CPU.ActiveCfg = Release|Any CPU
		{9488C77C-686D-46D8-A23B-95305243731C}.Release|Any CPU.Build.0 = Release|Any CPU
		{59AB4D10-E0AA-4034-BB8A-9757258CF99C}.Debug|Any CPU.ActiveCfg = Debug|Any CPU
		{59AB4D10-E0AA-4034-BB8A-9757258CF99C}.Debug|Any CPU.Build.0 = Debug|Any CPU
		{59AB4D10-E0AA-4034-BB8A-9757258CF99C}.Release|Any CPU.ActiveCfg = Release|Any CPU
		{59AB4D10-E0AA-4034-BB8A-9757258CF99C}.Release|Any CPU.Build.0 = Release|Any CPU
		{D917C6F7-00EA-40F2-AF8C-BD5F09AC8663}.Debug|Any CPU.ActiveCfg = Debug|Any CPU
		{D917C6F7-00EA-40F2-AF8C-BD5F09AC8663}.Debug|Any CPU.Build.0 = Debug|Any CPU
		{D917C6F7-00EA-40F2-AF8C-BD5F09AC8663}.Release|Any CPU.ActiveCfg = Release|Any CPU
		{D917C6F7-00EA-40F2-AF8C-BD5F09AC8663}.Release|Any CPU.Build.0 = Release|Any CPU
		{FFCFAA97-852A-4665-8A07-8DC8B4AC8787}.Debug|Any CPU.ActiveCfg = Debug|Any CPU
		{FFCFAA97-852A-4665-8A07-8DC8B4AC8787}.Debug|Any CPU.Build.0 = Debug|Any CPU
		{FFCFAA97-852A-4665-8A07-8DC8B4AC8787}.Release|Any CPU.ActiveCfg = Release|Any CPU
		{FFCFAA97-852A-4665-8A07-8DC8B4AC8787}.Release|Any CPU.Build.0 = Release|Any CPU
		{341BC3FE-F579-4A8B-81DC-F1894C1D38DE}.Debug|Any CPU.ActiveCfg = Debug|Any CPU
		{341BC3FE-F579-4A8B-81DC-F1894C1D38DE}.Debug|Any CPU.Build.0 = Debug|Any CPU
		{341BC3FE-F579-4A8B-81DC-F1894C1D38DE}.Release|Any CPU.ActiveCfg = Release|Any CPU
		{341BC3FE-F579-4A8B-81DC-F1894C1D38DE}.Release|Any CPU.Build.0 = Release|Any CPU
		{67750864-57A2-4C5D-8B8E-1AD6EE17B2B2}.Debug|Any CPU.ActiveCfg = Debug|Any CPU
		{67750864-57A2-4C5D-8B8E-1AD6EE17B2B2}.Debug|Any CPU.Build.0 = Debug|Any CPU
		{67750864-57A2-4C5D-8B8E-1AD6EE17B2B2}.Release|Any CPU.ActiveCfg = Release|Any CPU
		{67750864-57A2-4C5D-8B8E-1AD6EE17B2B2}.Release|Any CPU.Build.0 = Release|Any CPU
		{65FB1A9A-36EF-4292-B570-BF88E76792C6}.Debug|Any CPU.ActiveCfg = Debug|Any CPU
		{65FB1A9A-36EF-4292-B570-BF88E76792C6}.Debug|Any CPU.Build.0 = Debug|Any CPU
		{65FB1A9A-36EF-4292-B570-BF88E76792C6}.Release|Any CPU.ActiveCfg = Release|Any CPU
		{65FB1A9A-36EF-4292-B570-BF88E76792C6}.Release|Any CPU.Build.0 = Release|Any CPU
		{3219507C-73C5-44B1-97D1-B432AD7C24B5}.Debug|Any CPU.ActiveCfg = Debug|Any CPU
		{3219507C-73C5-44B1-97D1-B432AD7C24B5}.Debug|Any CPU.Build.0 = Debug|Any CPU
		{3219507C-73C5-44B1-97D1-B432AD7C24B5}.Release|Any CPU.ActiveCfg = Release|Any CPU
		{3219507C-73C5-44B1-97D1-B432AD7C24B5}.Release|Any CPU.Build.0 = Release|Any CPU
		{D7A335BF-83FD-4777-85A2-2B2ACB902AC4}.Debug|Any CPU.ActiveCfg = Debug|Any CPU
		{D7A335BF-83FD-4777-85A2-2B2ACB902AC4}.Debug|Any CPU.Build.0 = Debug|Any CPU
		{D7A335BF-83FD-4777-85A2-2B2ACB902AC4}.Release|Any CPU.ActiveCfg = Release|Any CPU
		{D7A335BF-83FD-4777-85A2-2B2ACB902AC4}.Release|Any CPU.Build.0 = Release|Any CPU
		{2538C557-D71E-44DD-B227-7AD74C70DED7}.Debug|Any CPU.ActiveCfg = Debug|Any CPU
		{2538C557-D71E-44DD-B227-7AD74C70DED7}.Debug|Any CPU.Build.0 = Debug|Any CPU
		{2538C557-D71E-44DD-B227-7AD74C70DED7}.Release|Any CPU.ActiveCfg = Release|Any CPU
		{2538C557-D71E-44DD-B227-7AD74C70DED7}.Release|Any CPU.Build.0 = Release|Any CPU
		{7A756D9F-BCFB-4E65-99DA-EB60FF9F0560}.Debug|Any CPU.ActiveCfg = Debug|Any CPU
		{7A756D9F-BCFB-4E65-99DA-EB60FF9F0560}.Debug|Any CPU.Build.0 = Debug|Any CPU
		{7A756D9F-BCFB-4E65-99DA-EB60FF9F0560}.Release|Any CPU.ActiveCfg = Release|Any CPU
		{7A756D9F-BCFB-4E65-99DA-EB60FF9F0560}.Release|Any CPU.Build.0 = Release|Any CPU
		{83272021-7D0C-4BCB-B335-A2509D6BB1BC}.Debug|Any CPU.ActiveCfg = Debug|Any CPU
		{83272021-7D0C-4BCB-B335-A2509D6BB1BC}.Debug|Any CPU.Build.0 = Debug|Any CPU
		{83272021-7D0C-4BCB-B335-A2509D6BB1BC}.Release|Any CPU.ActiveCfg = Release|Any CPU
		{83272021-7D0C-4BCB-B335-A2509D6BB1BC}.Release|Any CPU.Build.0 = Release|Any CPU
		{A703567C-F239-482D-8951-9005C3F557EE}.Debug|Any CPU.ActiveCfg = Debug|Any CPU
		{A703567C-F239-482D-8951-9005C3F557EE}.Debug|Any CPU.Build.0 = Debug|Any CPU
		{A703567C-F239-482D-8951-9005C3F557EE}.Release|Any CPU.ActiveCfg = Release|Any CPU
		{A703567C-F239-482D-8951-9005C3F557EE}.Release|Any CPU.Build.0 = Release|Any CPU
		{46FF6937-7AE1-44F8-879D-157BFC8087BD}.Debug|Any CPU.ActiveCfg = Debug|Any CPU
		{46FF6937-7AE1-44F8-879D-157BFC8087BD}.Debug|Any CPU.Build.0 = Debug|Any CPU
		{46FF6937-7AE1-44F8-879D-157BFC8087BD}.Release|Any CPU.ActiveCfg = Release|Any CPU
		{46FF6937-7AE1-44F8-879D-157BFC8087BD}.Release|Any CPU.Build.0 = Release|Any CPU
		{3D6DB1AD-3E67-44D7-B8D5-773E73349AA4}.Debug|Any CPU.ActiveCfg = Debug|Any CPU
		{3D6DB1AD-3E67-44D7-B8D5-773E73349AA4}.Debug|Any CPU.Build.0 = Debug|Any CPU
		{3D6DB1AD-3E67-44D7-B8D5-773E73349AA4}.Release|Any CPU.ActiveCfg = Release|Any CPU
		{3D6DB1AD-3E67-44D7-B8D5-773E73349AA4}.Release|Any CPU.Build.0 = Release|Any CPU
		{8E531C26-82A0-42B0-90C4-DF14CE9E3C39}.Debug|Any CPU.ActiveCfg = Debug|Any CPU
		{8E531C26-82A0-42B0-90C4-DF14CE9E3C39}.Debug|Any CPU.Build.0 = Debug|Any CPU
		{8E531C26-82A0-42B0-90C4-DF14CE9E3C39}.Release|Any CPU.ActiveCfg = Release|Any CPU
		{8E531C26-82A0-42B0-90C4-DF14CE9E3C39}.Release|Any CPU.Build.0 = Release|Any CPU
		{2FFE18FD-8D09-4A92-954B-8664A9A95A3D}.Debug|Any CPU.ActiveCfg = Debug|Any CPU
		{2FFE18FD-8D09-4A92-954B-8664A9A95A3D}.Debug|Any CPU.Build.0 = Debug|Any CPU
		{2FFE18FD-8D09-4A92-954B-8664A9A95A3D}.Release|Any CPU.ActiveCfg = Release|Any CPU
		{2FFE18FD-8D09-4A92-954B-8664A9A95A3D}.Release|Any CPU.Build.0 = Release|Any CPU
		{26C5B1A9-5DB3-43EF-A7D7-7329219C18E7}.Debug|Any CPU.ActiveCfg = Debug|Any CPU
		{26C5B1A9-5DB3-43EF-A7D7-7329219C18E7}.Debug|Any CPU.Build.0 = Debug|Any CPU
		{26C5B1A9-5DB3-43EF-A7D7-7329219C18E7}.Release|Any CPU.ActiveCfg = Release|Any CPU
		{26C5B1A9-5DB3-43EF-A7D7-7329219C18E7}.Release|Any CPU.Build.0 = Release|Any CPU
		{9ED0A27C-9167-4DB1-9A7B-05D2AD34C832}.Debug|Any CPU.ActiveCfg = Debug|Any CPU
		{9ED0A27C-9167-4DB1-9A7B-05D2AD34C832}.Debug|Any CPU.Build.0 = Debug|Any CPU
		{9ED0A27C-9167-4DB1-9A7B-05D2AD34C832}.Release|Any CPU.ActiveCfg = Release|Any CPU
		{9ED0A27C-9167-4DB1-9A7B-05D2AD34C832}.Release|Any CPU.Build.0 = Release|Any CPU
		{097DE0C6-6123-47AD-8050-6A3FA73CB298}.Debug|Any CPU.ActiveCfg = Debug|Any CPU
		{097DE0C6-6123-47AD-8050-6A3FA73CB298}.Debug|Any CPU.Build.0 = Debug|Any CPU
		{097DE0C6-6123-47AD-8050-6A3FA73CB298}.Release|Any CPU.ActiveCfg = Release|Any CPU
		{097DE0C6-6123-47AD-8050-6A3FA73CB298}.Release|Any CPU.Build.0 = Release|Any CPU
		{C91F8736-26E9-4E14-BC38-DB2F3BBD68A9}.Debug|Any CPU.ActiveCfg = Debug|Any CPU
		{C91F8736-26E9-4E14-BC38-DB2F3BBD68A9}.Debug|Any CPU.Build.0 = Debug|Any CPU
		{C91F8736-26E9-4E14-BC38-DB2F3BBD68A9}.Release|Any CPU.ActiveCfg = Release|Any CPU
		{C91F8736-26E9-4E14-BC38-DB2F3BBD68A9}.Release|Any CPU.Build.0 = Release|Any CPU
		{C515E4E7-E283-423E-A08F-D525BD91F2BF}.Debug|Any CPU.ActiveCfg = Debug|Any CPU
		{C515E4E7-E283-423E-A08F-D525BD91F2BF}.Debug|Any CPU.Build.0 = Debug|Any CPU
		{C515E4E7-E283-423E-A08F-D525BD91F2BF}.Release|Any CPU.ActiveCfg = Release|Any CPU
		{C515E4E7-E283-423E-A08F-D525BD91F2BF}.Release|Any CPU.Build.0 = Release|Any CPU
		{7FA3F60F-1AE7-43D2-A7E2-4C849E867083}.Debug|Any CPU.ActiveCfg = Debug|Any CPU
		{7FA3F60F-1AE7-43D2-A7E2-4C849E867083}.Debug|Any CPU.Build.0 = Debug|Any CPU
		{7FA3F60F-1AE7-43D2-A7E2-4C849E867083}.Release|Any CPU.ActiveCfg = Release|Any CPU
		{7FA3F60F-1AE7-43D2-A7E2-4C849E867083}.Release|Any CPU.Build.0 = Release|Any CPU
		{57011108-AB30-4A02-AF15-9F05923C175A}.Debug|Any CPU.ActiveCfg = Debug|Any CPU
		{57011108-AB30-4A02-AF15-9F05923C175A}.Debug|Any CPU.Build.0 = Debug|Any CPU
		{57011108-AB30-4A02-AF15-9F05923C175A}.Release|Any CPU.ActiveCfg = Release|Any CPU
		{57011108-AB30-4A02-AF15-9F05923C175A}.Release|Any CPU.Build.0 = Release|Any CPU
		{FEB8A658-4E41-48EF-9987-0B63A40B951D}.Debug|Any CPU.ActiveCfg = Debug|Any CPU
		{FEB8A658-4E41-48EF-9987-0B63A40B951D}.Debug|Any CPU.Build.0 = Debug|Any CPU
		{FEB8A658-4E41-48EF-9987-0B63A40B951D}.Release|Any CPU.ActiveCfg = Release|Any CPU
		{FEB8A658-4E41-48EF-9987-0B63A40B951D}.Release|Any CPU.Build.0 = Release|Any CPU
		{717EF3ED-5141-4C34-827C-CE04E13D0E9B}.Debug|Any CPU.ActiveCfg = Debug|Any CPU
		{717EF3ED-5141-4C34-827C-CE04E13D0E9B}.Debug|Any CPU.Build.0 = Debug|Any CPU
		{717EF3ED-5141-4C34-827C-CE04E13D0E9B}.Release|Any CPU.ActiveCfg = Release|Any CPU
		{717EF3ED-5141-4C34-827C-CE04E13D0E9B}.Release|Any CPU.Build.0 = Release|Any CPU
		{DA4E7EA8-484A-4E1E-9FB9-D6B2B3F4BA50}.Debug|Any CPU.ActiveCfg = Debug|Any CPU
		{DA4E7EA8-484A-4E1E-9FB9-D6B2B3F4BA50}.Debug|Any CPU.Build.0 = Debug|Any CPU
		{DA4E7EA8-484A-4E1E-9FB9-D6B2B3F4BA50}.Release|Any CPU.ActiveCfg = Release|Any CPU
		{DA4E7EA8-484A-4E1E-9FB9-D6B2B3F4BA50}.Release|Any CPU.Build.0 = Release|Any CPU
		{0B9B40CA-2C6F-4897-9301-40585FF71960}.Debug|Any CPU.ActiveCfg = Debug|Any CPU
		{0B9B40CA-2C6F-4897-9301-40585FF71960}.Debug|Any CPU.Build.0 = Debug|Any CPU
		{0B9B40CA-2C6F-4897-9301-40585FF71960}.Release|Any CPU.ActiveCfg = Release|Any CPU
		{0B9B40CA-2C6F-4897-9301-40585FF71960}.Release|Any CPU.Build.0 = Release|Any CPU
		{225F5FDD-704D-4012-BFC8-CFD4123F7D6D}.Debug|Any CPU.ActiveCfg = Debug|Any CPU
		{225F5FDD-704D-4012-BFC8-CFD4123F7D6D}.Debug|Any CPU.Build.0 = Debug|Any CPU
		{225F5FDD-704D-4012-BFC8-CFD4123F7D6D}.Release|Any CPU.ActiveCfg = Release|Any CPU
		{225F5FDD-704D-4012-BFC8-CFD4123F7D6D}.Release|Any CPU.Build.0 = Release|Any CPU
		{390CB816-C047-4A6F-A618-E457DEE9B71D}.Debug|Any CPU.ActiveCfg = Debug|Any CPU
		{390CB816-C047-4A6F-A618-E457DEE9B71D}.Debug|Any CPU.Build.0 = Debug|Any CPU
		{390CB816-C047-4A6F-A618-E457DEE9B71D}.Release|Any CPU.ActiveCfg = Release|Any CPU
		{390CB816-C047-4A6F-A618-E457DEE9B71D}.Release|Any CPU.Build.0 = Release|Any CPU
		{12ED22AD-35A3-4ACC-9CB3-40345DBAB9BC}.Debug|Any CPU.ActiveCfg = Debug|Any CPU
		{12ED22AD-35A3-4ACC-9CB3-40345DBAB9BC}.Debug|Any CPU.Build.0 = Debug|Any CPU
		{12ED22AD-35A3-4ACC-9CB3-40345DBAB9BC}.Release|Any CPU.ActiveCfg = Release|Any CPU
		{12ED22AD-35A3-4ACC-9CB3-40345DBAB9BC}.Release|Any CPU.Build.0 = Release|Any CPU
		{0B09103C-472F-44C8-9B73-4CF4873DC98C}.Debug|Any CPU.ActiveCfg = Debug|Any CPU
		{0B09103C-472F-44C8-9B73-4CF4873DC98C}.Debug|Any CPU.Build.0 = Debug|Any CPU
		{0B09103C-472F-44C8-9B73-4CF4873DC98C}.Release|Any CPU.ActiveCfg = Release|Any CPU
		{0B09103C-472F-44C8-9B73-4CF4873DC98C}.Release|Any CPU.Build.0 = Release|Any CPU
		{714AF37A-0464-4862-9B61-F0BAD08B071D}.Debug|Any CPU.ActiveCfg = Debug|Any CPU
		{714AF37A-0464-4862-9B61-F0BAD08B071D}.Debug|Any CPU.Build.0 = Debug|Any CPU
		{714AF37A-0464-4862-9B61-F0BAD08B071D}.Release|Any CPU.ActiveCfg = Release|Any CPU
		{714AF37A-0464-4862-9B61-F0BAD08B071D}.Release|Any CPU.Build.0 = Release|Any CPU
		{DD3E69A0-2DDB-4681-8AAC-5816D6ABA9CE}.Debug|Any CPU.ActiveCfg = Debug|Any CPU
		{DD3E69A0-2DDB-4681-8AAC-5816D6ABA9CE}.Debug|Any CPU.Build.0 = Debug|Any CPU
		{DD3E69A0-2DDB-4681-8AAC-5816D6ABA9CE}.Release|Any CPU.ActiveCfg = Release|Any CPU
		{DD3E69A0-2DDB-4681-8AAC-5816D6ABA9CE}.Release|Any CPU.Build.0 = Release|Any CPU
		{7F6772B1-1D58-4C5B-8D56-E0CDDB4E6533}.Debug|Any CPU.ActiveCfg = Debug|Any CPU
		{7F6772B1-1D58-4C5B-8D56-E0CDDB4E6533}.Debug|Any CPU.Build.0 = Debug|Any CPU
		{7F6772B1-1D58-4C5B-8D56-E0CDDB4E6533}.Release|Any CPU.ActiveCfg = Release|Any CPU
		{7F6772B1-1D58-4C5B-8D56-E0CDDB4E6533}.Release|Any CPU.Build.0 = Release|Any CPU
		{FE37C493-BF4C-4707-BD3D-F1B6884AF59E}.Debug|Any CPU.ActiveCfg = Debug|Any CPU
		{FE37C493-BF4C-4707-BD3D-F1B6884AF59E}.Debug|Any CPU.Build.0 = Debug|Any CPU
		{FE37C493-BF4C-4707-BD3D-F1B6884AF59E}.Release|Any CPU.ActiveCfg = Release|Any CPU
		{FE37C493-BF4C-4707-BD3D-F1B6884AF59E}.Release|Any CPU.Build.0 = Release|Any CPU
		{8EBBD1B7-8A5E-4DA5-973B-7ED9436E0BDE}.Debug|Any CPU.ActiveCfg = Debug|Any CPU
		{8EBBD1B7-8A5E-4DA5-973B-7ED9436E0BDE}.Debug|Any CPU.Build.0 = Debug|Any CPU
		{8EBBD1B7-8A5E-4DA5-973B-7ED9436E0BDE}.Release|Any CPU.ActiveCfg = Release|Any CPU
		{8EBBD1B7-8A5E-4DA5-973B-7ED9436E0BDE}.Release|Any CPU.Build.0 = Release|Any CPU
		{EE505D23-8D1D-47FC-9B19-56D26A6F808B}.Debug|Any CPU.ActiveCfg = Debug|Any CPU
		{EE505D23-8D1D-47FC-9B19-56D26A6F808B}.Debug|Any CPU.Build.0 = Debug|Any CPU
		{EE505D23-8D1D-47FC-9B19-56D26A6F808B}.Release|Any CPU.ActiveCfg = Release|Any CPU
		{EE505D23-8D1D-47FC-9B19-56D26A6F808B}.Release|Any CPU.Build.0 = Release|Any CPU
		{BA96FAF6-4B97-41FA-9265-B3C6FD2BBDB3}.Debug|Any CPU.ActiveCfg = Debug|Any CPU
		{BA96FAF6-4B97-41FA-9265-B3C6FD2BBDB3}.Debug|Any CPU.Build.0 = Debug|Any CPU
		{BA96FAF6-4B97-41FA-9265-B3C6FD2BBDB3}.Release|Any CPU.ActiveCfg = Release|Any CPU
		{BA96FAF6-4B97-41FA-9265-B3C6FD2BBDB3}.Release|Any CPU.Build.0 = Release|Any CPU
		{EF31BADD-A453-40FD-B819-6E59E47C29DB}.Debug|Any CPU.ActiveCfg = Debug|Any CPU
		{EF31BADD-A453-40FD-B819-6E59E47C29DB}.Debug|Any CPU.Build.0 = Debug|Any CPU
		{EF31BADD-A453-40FD-B819-6E59E47C29DB}.Release|Any CPU.ActiveCfg = Release|Any CPU
		{EF31BADD-A453-40FD-B819-6E59E47C29DB}.Release|Any CPU.Build.0 = Release|Any CPU
		{B3E6DCD3-F89D-4DBC-8A54-EBB4B08D2597}.Debug|Any CPU.ActiveCfg = Debug|Any CPU
		{B3E6DCD3-F89D-4DBC-8A54-EBB4B08D2597}.Debug|Any CPU.Build.0 = Debug|Any CPU
		{B3E6DCD3-F89D-4DBC-8A54-EBB4B08D2597}.Release|Any CPU.ActiveCfg = Release|Any CPU
		{B3E6DCD3-F89D-4DBC-8A54-EBB4B08D2597}.Release|Any CPU.Build.0 = Release|Any CPU
		{CDDFCB36-3E38-4F70-83F8-A9F12FA8F039}.Debug|Any CPU.ActiveCfg = Debug|Any CPU
		{CDDFCB36-3E38-4F70-83F8-A9F12FA8F039}.Debug|Any CPU.Build.0 = Debug|Any CPU
		{CDDFCB36-3E38-4F70-83F8-A9F12FA8F039}.Release|Any CPU.ActiveCfg = Release|Any CPU
		{CDDFCB36-3E38-4F70-83F8-A9F12FA8F039}.Release|Any CPU.Build.0 = Release|Any CPU
		{284D2923-BDC3-46F9-BF59-BB0F5A21E72F}.Debug|Any CPU.ActiveCfg = Debug|Any CPU
		{284D2923-BDC3-46F9-BF59-BB0F5A21E72F}.Debug|Any CPU.Build.0 = Debug|Any CPU
		{284D2923-BDC3-46F9-BF59-BB0F5A21E72F}.Release|Any CPU.ActiveCfg = Release|Any CPU
		{284D2923-BDC3-46F9-BF59-BB0F5A21E72F}.Release|Any CPU.Build.0 = Release|Any CPU
		{015C5042-A9FE-4998-9CF6-054563C2FC0A}.Debug|Any CPU.ActiveCfg = Debug|Any CPU
		{015C5042-A9FE-4998-9CF6-054563C2FC0A}.Debug|Any CPU.Build.0 = Debug|Any CPU
		{015C5042-A9FE-4998-9CF6-054563C2FC0A}.Release|Any CPU.ActiveCfg = Release|Any CPU
		{015C5042-A9FE-4998-9CF6-054563C2FC0A}.Release|Any CPU.Build.0 = Release|Any CPU
		{74D7DAF1-325B-48D2-80DE-F73D98E7E000}.Debug|Any CPU.ActiveCfg = Debug|Any CPU
		{74D7DAF1-325B-48D2-80DE-F73D98E7E000}.Debug|Any CPU.Build.0 = Debug|Any CPU
		{74D7DAF1-325B-48D2-80DE-F73D98E7E000}.Release|Any CPU.ActiveCfg = Release|Any CPU
		{74D7DAF1-325B-48D2-80DE-F73D98E7E000}.Release|Any CPU.Build.0 = Release|Any CPU
		{18CF778E-9DAE-48A9-8487-ADFB95058601}.Debug|Any CPU.ActiveCfg = Debug|Any CPU
		{18CF778E-9DAE-48A9-8487-ADFB95058601}.Debug|Any CPU.Build.0 = Debug|Any CPU
		{18CF778E-9DAE-48A9-8487-ADFB95058601}.Release|Any CPU.ActiveCfg = Release|Any CPU
		{18CF778E-9DAE-48A9-8487-ADFB95058601}.Release|Any CPU.Build.0 = Release|Any CPU
		{344C0ABC-0EC9-4079-9EC7-4E9A8231E471}.Debug|Any CPU.ActiveCfg = Debug|Any CPU
		{344C0ABC-0EC9-4079-9EC7-4E9A8231E471}.Debug|Any CPU.Build.0 = Debug|Any CPU
		{344C0ABC-0EC9-4079-9EC7-4E9A8231E471}.Release|Any CPU.ActiveCfg = Release|Any CPU
		{344C0ABC-0EC9-4079-9EC7-4E9A8231E471}.Release|Any CPU.Build.0 = Release|Any CPU
		{64A1CC82-C791-44E6-A1C5-77C72294578E}.Debug|Any CPU.ActiveCfg = Debug|Any CPU
		{64A1CC82-C791-44E6-A1C5-77C72294578E}.Debug|Any CPU.Build.0 = Debug|Any CPU
		{64A1CC82-C791-44E6-A1C5-77C72294578E}.Release|Any CPU.ActiveCfg = Release|Any CPU
		{64A1CC82-C791-44E6-A1C5-77C72294578E}.Release|Any CPU.Build.0 = Release|Any CPU
		{4E88A716-EA66-4A65-82FF-3B0CEBDB3013}.Debug|Any CPU.ActiveCfg = Debug|Any CPU
		{4E88A716-EA66-4A65-82FF-3B0CEBDB3013}.Debug|Any CPU.Build.0 = Debug|Any CPU
		{4E88A716-EA66-4A65-82FF-3B0CEBDB3013}.Release|Any CPU.ActiveCfg = Release|Any CPU
		{4E88A716-EA66-4A65-82FF-3B0CEBDB3013}.Release|Any CPU.Build.0 = Release|Any CPU
		{65D74697-91A7-4AED-B117-119B56A4E4A1}.Debug|Any CPU.ActiveCfg = Debug|Any CPU
		{65D74697-91A7-4AED-B117-119B56A4E4A1}.Debug|Any CPU.Build.0 = Debug|Any CPU
		{65D74697-91A7-4AED-B117-119B56A4E4A1}.Release|Any CPU.ActiveCfg = Release|Any CPU
		{65D74697-91A7-4AED-B117-119B56A4E4A1}.Release|Any CPU.Build.0 = Release|Any CPU
		{E1215E07-59C8-4102-9ABC-335C50F06C10}.Debug|Any CPU.ActiveCfg = Debug|Any CPU
		{E1215E07-59C8-4102-9ABC-335C50F06C10}.Debug|Any CPU.Build.0 = Debug|Any CPU
		{E1215E07-59C8-4102-9ABC-335C50F06C10}.Release|Any CPU.ActiveCfg = Release|Any CPU
		{E1215E07-59C8-4102-9ABC-335C50F06C10}.Release|Any CPU.Build.0 = Release|Any CPU
		{6E3D2973-75D4-43E6-ABF3-6D3A391D662D}.Debug|Any CPU.ActiveCfg = Debug|Any CPU
		{6E3D2973-75D4-43E6-ABF3-6D3A391D662D}.Debug|Any CPU.Build.0 = Debug|Any CPU
		{6E3D2973-75D4-43E6-ABF3-6D3A391D662D}.Release|Any CPU.ActiveCfg = Release|Any CPU
		{6E3D2973-75D4-43E6-ABF3-6D3A391D662D}.Release|Any CPU.Build.0 = Release|Any CPU
		{9CB3B952-BD45-486F-AF60-19F2A35339B2}.Debug|Any CPU.ActiveCfg = Debug|Any CPU
		{9CB3B952-BD45-486F-AF60-19F2A35339B2}.Debug|Any CPU.Build.0 = Debug|Any CPU
		{9CB3B952-BD45-486F-AF60-19F2A35339B2}.Release|Any CPU.ActiveCfg = Release|Any CPU
		{9CB3B952-BD45-486F-AF60-19F2A35339B2}.Release|Any CPU.Build.0 = Release|Any CPU
		{7A2E720D-A98C-4B65-86E4-C42367CB6D59}.Debug|Any CPU.ActiveCfg = Debug|Any CPU
		{7A2E720D-A98C-4B65-86E4-C42367CB6D59}.Debug|Any CPU.Build.0 = Debug|Any CPU
		{7A2E720D-A98C-4B65-86E4-C42367CB6D59}.Release|Any CPU.ActiveCfg = Release|Any CPU
		{7A2E720D-A98C-4B65-86E4-C42367CB6D59}.Release|Any CPU.Build.0 = Release|Any CPU
		{9F081792-4BCC-420E-9BF6-D631A9677391}.Debug|Any CPU.ActiveCfg = Debug|Any CPU
		{9F081792-4BCC-420E-9BF6-D631A9677391}.Debug|Any CPU.Build.0 = Debug|Any CPU
		{9F081792-4BCC-420E-9BF6-D631A9677391}.Release|Any CPU.ActiveCfg = Release|Any CPU
		{9F081792-4BCC-420E-9BF6-D631A9677391}.Release|Any CPU.Build.0 = Release|Any CPU
		{19A144B0-AF3D-4C05-B006-53BE2DF89637}.Debug|Any CPU.ActiveCfg = Debug|Any CPU
		{19A144B0-AF3D-4C05-B006-53BE2DF89637}.Debug|Any CPU.Build.0 = Debug|Any CPU
		{19A144B0-AF3D-4C05-B006-53BE2DF89637}.Release|Any CPU.ActiveCfg = Release|Any CPU
		{19A144B0-AF3D-4C05-B006-53BE2DF89637}.Release|Any CPU.Build.0 = Release|Any CPU
		{13E606AA-164A-4923-9690-C6444DE1BC96}.Debug|Any CPU.ActiveCfg = Debug|Any CPU
		{13E606AA-164A-4923-9690-C6444DE1BC96}.Debug|Any CPU.Build.0 = Debug|Any CPU
		{13E606AA-164A-4923-9690-C6444DE1BC96}.Release|Any CPU.ActiveCfg = Release|Any CPU
		{13E606AA-164A-4923-9690-C6444DE1BC96}.Release|Any CPU.Build.0 = Release|Any CPU
		{FCD77DA2-D172-4FD0-958B-D266FFDBA25F}.Debug|Any CPU.ActiveCfg = Debug|Any CPU
		{FCD77DA2-D172-4FD0-958B-D266FFDBA25F}.Debug|Any CPU.Build.0 = Debug|Any CPU
		{FCD77DA2-D172-4FD0-958B-D266FFDBA25F}.Release|Any CPU.ActiveCfg = Release|Any CPU
		{FCD77DA2-D172-4FD0-958B-D266FFDBA25F}.Release|Any CPU.Build.0 = Release|Any CPU
		{8EC4CCF0-23FC-4AFB-A4BF-FBED562159AE}.Debug|Any CPU.ActiveCfg = Debug|Any CPU
		{8EC4CCF0-23FC-4AFB-A4BF-FBED562159AE}.Debug|Any CPU.Build.0 = Debug|Any CPU
		{8EC4CCF0-23FC-4AFB-A4BF-FBED562159AE}.Release|Any CPU.ActiveCfg = Release|Any CPU
		{8EC4CCF0-23FC-4AFB-A4BF-FBED562159AE}.Release|Any CPU.Build.0 = Release|Any CPU
		{29E74E56-9D38-42ED-AE35-FF2BF7588782}.Debug|Any CPU.ActiveCfg = Debug|Any CPU
		{29E74E56-9D38-42ED-AE35-FF2BF7588782}.Debug|Any CPU.Build.0 = Debug|Any CPU
		{29E74E56-9D38-42ED-AE35-FF2BF7588782}.Release|Any CPU.ActiveCfg = Release|Any CPU
		{29E74E56-9D38-42ED-AE35-FF2BF7588782}.Release|Any CPU.Build.0 = Release|Any CPU
		{DDE506AA-6015-45E7-8766-260E798FB028}.Debug|Any CPU.ActiveCfg = Debug|Any CPU
		{DDE506AA-6015-45E7-8766-260E798FB028}.Debug|Any CPU.Build.0 = Debug|Any CPU
		{DDE506AA-6015-45E7-8766-260E798FB028}.Release|Any CPU.ActiveCfg = Release|Any CPU
		{DDE506AA-6015-45E7-8766-260E798FB028}.Release|Any CPU.Build.0 = Release|Any CPU
		{E87352AF-8981-4DEF-8609-C0C03D740B41}.Debug|Any CPU.ActiveCfg = Debug|Any CPU
		{E87352AF-8981-4DEF-8609-C0C03D740B41}.Debug|Any CPU.Build.0 = Debug|Any CPU
		{E87352AF-8981-4DEF-8609-C0C03D740B41}.Release|Any CPU.ActiveCfg = Release|Any CPU
		{E87352AF-8981-4DEF-8609-C0C03D740B41}.Release|Any CPU.Build.0 = Release|Any CPU
		{D7AF5F40-2DE0-42F3-ACA7-43D80C649A5E}.Debug|Any CPU.ActiveCfg = Debug|Any CPU
		{D7AF5F40-2DE0-42F3-ACA7-43D80C649A5E}.Debug|Any CPU.Build.0 = Debug|Any CPU
		{D7AF5F40-2DE0-42F3-ACA7-43D80C649A5E}.Release|Any CPU.ActiveCfg = Release|Any CPU
		{D7AF5F40-2DE0-42F3-ACA7-43D80C649A5E}.Release|Any CPU.Build.0 = Release|Any CPU
		{6D096C98-8D6F-4468-B469-00631D83686F}.Debug|Any CPU.ActiveCfg = Debug|Any CPU
		{6D096C98-8D6F-4468-B469-00631D83686F}.Debug|Any CPU.Build.0 = Debug|Any CPU
		{6D096C98-8D6F-4468-B469-00631D83686F}.Release|Any CPU.ActiveCfg = Release|Any CPU
		{6D096C98-8D6F-4468-B469-00631D83686F}.Release|Any CPU.Build.0 = Release|Any CPU
		{6FB676B1-D6A2-4BF8-B538-2AD99DAE8174}.Debug|Any CPU.ActiveCfg = Debug|Any CPU
		{6FB676B1-D6A2-4BF8-B538-2AD99DAE8174}.Debug|Any CPU.Build.0 = Debug|Any CPU
		{6FB676B1-D6A2-4BF8-B538-2AD99DAE8174}.Release|Any CPU.ActiveCfg = Release|Any CPU
		{6FB676B1-D6A2-4BF8-B538-2AD99DAE8174}.Release|Any CPU.Build.0 = Release|Any CPU
		{7E39A9FE-3B0A-4AF5-B744-90D3D2C74CE0}.Debug|Any CPU.ActiveCfg = Debug|Any CPU
		{7E39A9FE-3B0A-4AF5-B744-90D3D2C74CE0}.Debug|Any CPU.Build.0 = Debug|Any CPU
		{7E39A9FE-3B0A-4AF5-B744-90D3D2C74CE0}.Release|Any CPU.ActiveCfg = Release|Any CPU
		{7E39A9FE-3B0A-4AF5-B744-90D3D2C74CE0}.Release|Any CPU.Build.0 = Release|Any CPU
		{6F058030-9E7F-49F8-8494-A0E7C132F5B2}.Debug|Any CPU.ActiveCfg = Debug|Any CPU
		{6F058030-9E7F-49F8-8494-A0E7C132F5B2}.Debug|Any CPU.Build.0 = Debug|Any CPU
		{6F058030-9E7F-49F8-8494-A0E7C132F5B2}.Release|Any CPU.ActiveCfg = Release|Any CPU
		{6F058030-9E7F-49F8-8494-A0E7C132F5B2}.Release|Any CPU.Build.0 = Release|Any CPU
		{DE5AF885-4942-44EF-AEA0-0786AB1ED551}.Debug|Any CPU.ActiveCfg = Debug|Any CPU
		{DE5AF885-4942-44EF-AEA0-0786AB1ED551}.Debug|Any CPU.Build.0 = Debug|Any CPU
		{DE5AF885-4942-44EF-AEA0-0786AB1ED551}.Release|Any CPU.ActiveCfg = Release|Any CPU
		{DE5AF885-4942-44EF-AEA0-0786AB1ED551}.Release|Any CPU.Build.0 = Release|Any CPU
		{EB95D2F1-388B-45E1-8883-8B88B6586D5D}.Debug|Any CPU.ActiveCfg = Debug|Any CPU
		{EB95D2F1-388B-45E1-8883-8B88B6586D5D}.Debug|Any CPU.Build.0 = Debug|Any CPU
		{EB95D2F1-388B-45E1-8883-8B88B6586D5D}.Release|Any CPU.ActiveCfg = Release|Any CPU
		{EB95D2F1-388B-45E1-8883-8B88B6586D5D}.Release|Any CPU.Build.0 = Release|Any CPU
		{38AFEACE-82B1-4182-B97C-CEC7EB9BDA91}.Debug|Any CPU.ActiveCfg = Debug|Any CPU
		{38AFEACE-82B1-4182-B97C-CEC7EB9BDA91}.Debug|Any CPU.Build.0 = Debug|Any CPU
		{38AFEACE-82B1-4182-B97C-CEC7EB9BDA91}.Release|Any CPU.ActiveCfg = Release|Any CPU
		{38AFEACE-82B1-4182-B97C-CEC7EB9BDA91}.Release|Any CPU.Build.0 = Release|Any CPU
		{4E5C7A24-978C-473A-A0E1-C17BF808E3EC}.Debug|Any CPU.ActiveCfg = Debug|Any CPU
		{4E5C7A24-978C-473A-A0E1-C17BF808E3EC}.Debug|Any CPU.Build.0 = Debug|Any CPU
		{4E5C7A24-978C-473A-A0E1-C17BF808E3EC}.Release|Any CPU.ActiveCfg = Release|Any CPU
		{4E5C7A24-978C-473A-A0E1-C17BF808E3EC}.Release|Any CPU.Build.0 = Release|Any CPU
	EndGlobalSection
	GlobalSection(SolutionProperties) = preSolution
		HideSolutionNode = FALSE
	EndGlobalSection
	GlobalSection(NestedProjects) = preSolution
		{26468F9C-E921-4EE8-91F4-C887A50A741A} = {EA2FA025-372B-4181-B6CA-F0A4A0A2B69D}
		{66123AE4-1A7A-486C-9B3D-03A1DD7AB618} = {EA2FA025-372B-4181-B6CA-F0A4A0A2B69D}
		{BA4FF397-9EAA-4891-8C5D-C28F09B47EE1} = {33471068-D4DA-44CC-ACA5-48A829B611B0}
		{DEE4DDAB-D273-456C-948E-520D77D69E2C} = {33471068-D4DA-44CC-ACA5-48A829B611B0}
		{4637E627-136E-4AD2-BC35-EFABF3994003} = {33471068-D4DA-44CC-ACA5-48A829B611B0}
		{6A71B1D4-0174-47C0-B68C-6A28BB279090} = {883E7782-74FE-47EF-9F76-140006AAB788}
		{693353E3-29B3-4995-9323-B964133C3AEF} = {883E7782-74FE-47EF-9F76-140006AAB788}
		{BF22F3F2-F0EE-4771-AB98-2A51D81AC584} = {883E7782-74FE-47EF-9F76-140006AAB788}
		{342F27AA-70C6-481C-B305-F81908F5C53D} = {883E7782-74FE-47EF-9F76-140006AAB788}
		{84FC5A60-5F89-4D5B-AA62-70E5BBF31851} = {883E7782-74FE-47EF-9F76-140006AAB788}
		{CE0B62F9-E568-419A-BF70-BFE9B1876D1B} = {883E7782-74FE-47EF-9F76-140006AAB788}
		{E3F05B84-B113-4B5E-845C-C34E4D4B53EB} = {377E5751-ED0A-4986-88EE-AB24F316FF26}
		{201AF04A-B683-4857-821D-A2F0C660705A} = {377E5751-ED0A-4986-88EE-AB24F316FF26}
		{C6E462B9-425C-4BF2-8748-6253298EADC3} = {377E5751-ED0A-4986-88EE-AB24F316FF26}
		{250BAF6E-3595-4335-A6D0-530FB09A859B} = {377E5751-ED0A-4986-88EE-AB24F316FF26}
		{9A44F1ED-5594-44F7-9765-7B4A4BC8A4DC} = {377E5751-ED0A-4986-88EE-AB24F316FF26}
		{105E6E54-0BDB-4312-AEB4-57CA8435824B} = {377E5751-ED0A-4986-88EE-AB24F316FF26}
		{369CE2C4-D771-473C-8A78-01E155308638} = {377E5751-ED0A-4986-88EE-AB24F316FF26}
		{081E1A47-8278-465E-BC17-2F320CA64D36} = {377E5751-ED0A-4986-88EE-AB24F316FF26}
		{E3000275-F5D8-48D0-9210-7CA8E40B85AF} = {235E9E87-BB0B-4E1F-9295-217DB4F2FFC8}
		{BEEA9867-45DE-4E37-89FE-7A1FF2699196} = {235E9E87-BB0B-4E1F-9295-217DB4F2FFC8}
		{D4EB1BA7-23BB-4349-AC55-B3CB1C9F3A29} = {235E9E87-BB0B-4E1F-9295-217DB4F2FFC8}
		{396629CB-11FD-4B3A-B3A7-3FAD9A5CD1FE} = {235E9E87-BB0B-4E1F-9295-217DB4F2FFC8}
		{4AA3A72B-E56A-461B-9844-14CEC27D8E6B} = {00FEF16D-F48F-4073-9B3F-83848AE78C33}
		{8E79189C-159C-494D-84DB-FE213FE90CC3} = {00FEF16D-F48F-4073-9B3F-83848AE78C33}
		{35B7568C-95E1-4154-A094-52197F5EAB2B} = {00FEF16D-F48F-4073-9B3F-83848AE78C33}
		{381C715A-9046-4176-B70D-ECB4B896740F} = {00FEF16D-F48F-4073-9B3F-83848AE78C33}
		{C5984B4E-A26A-4B36-8CB3-48354D36C180} = {446D5A97-4682-4070-94E6-7D0839D2BBF0}
		{9453E994-B853-46CB-BDAD-2F0D9297B838} = {446D5A97-4682-4070-94E6-7D0839D2BBF0}
		{967CA28F-4393-4841-9EF7-C5C1EC33168C} = {46606059-6F82-4045-972E-1346F89833B0}
		{13F8A9BB-3D8A-413B-9ADB-E32D346481A5} = {46606059-6F82-4045-972E-1346F89833B0}
		{EF6C2ACF-27A7-4C99-8BBB-C23F2FC9837F} = {46606059-6F82-4045-972E-1346F89833B0}
		{BEC10BE7-C666-4B19-8315-0CACCBBEBCA8} = {46606059-6F82-4045-972E-1346F89833B0}
		{EF72AAA6-C83B-49FF-B283-5C0A73D5AEF4} = {44C8C9D1-791E-4DA1-93C4-F2EC1CA23281}
		{83FC32A9-A6AA-4A6A-A19B-89F285BE7FAE} = {44C8C9D1-791E-4DA1-93C4-F2EC1CA23281}
		{9488C77C-686D-46D8-A23B-95305243731C} = {44C8C9D1-791E-4DA1-93C4-F2EC1CA23281}
		{59AB4D10-E0AA-4034-BB8A-9757258CF99C} = {44C8C9D1-791E-4DA1-93C4-F2EC1CA23281}
		{D917C6F7-00EA-40F2-AF8C-BD5F09AC8663} = {44C8C9D1-791E-4DA1-93C4-F2EC1CA23281}
		{FFCFAA97-852A-4665-8A07-8DC8B4AC8787} = {C27E6491-F9E2-438A-A74C-03CED256BF6F}
		{341BC3FE-F579-4A8B-81DC-F1894C1D38DE} = {C27E6491-F9E2-438A-A74C-03CED256BF6F}
		{67750864-57A2-4C5D-8B8E-1AD6EE17B2B2} = {C27E6491-F9E2-438A-A74C-03CED256BF6F}
		{65FB1A9A-36EF-4292-B570-BF88E76792C6} = {C27E6491-F9E2-438A-A74C-03CED256BF6F}
		{3219507C-73C5-44B1-97D1-B432AD7C24B5} = {C27E6491-F9E2-438A-A74C-03CED256BF6F}
		{D7A335BF-83FD-4777-85A2-2B2ACB902AC4} = {C27E6491-F9E2-438A-A74C-03CED256BF6F}
		{2538C557-D71E-44DD-B227-7AD74C70DED7} = {C27E6491-F9E2-438A-A74C-03CED256BF6F}
		{AC98C9AD-036C-4690-B96B-ED1D2601715F} = {BBBBC4E0-0CD5-4A2F-B814-2DA6A68BE0EC}
		{7A756D9F-BCFB-4E65-99DA-EB60FF9F0560} = {AC98C9AD-036C-4690-B96B-ED1D2601715F}
		{83272021-7D0C-4BCB-B335-A2509D6BB1BC} = {AC98C9AD-036C-4690-B96B-ED1D2601715F}
		{A703567C-F239-482D-8951-9005C3F557EE} = {AC98C9AD-036C-4690-B96B-ED1D2601715F}
		{46FF6937-7AE1-44F8-879D-157BFC8087BD} = {AC98C9AD-036C-4690-B96B-ED1D2601715F}
		{3D6DB1AD-3E67-44D7-B8D5-773E73349AA4} = {AC98C9AD-036C-4690-B96B-ED1D2601715F}
		{8E531C26-82A0-42B0-90C4-DF14CE9E3C39} = {AC98C9AD-036C-4690-B96B-ED1D2601715F}
		{2FFE18FD-8D09-4A92-954B-8664A9A95A3D} = {AC98C9AD-036C-4690-B96B-ED1D2601715F}
		{26C5B1A9-5DB3-43EF-A7D7-7329219C18E7} = {AC98C9AD-036C-4690-B96B-ED1D2601715F}
		{9ED0A27C-9167-4DB1-9A7B-05D2AD34C832} = {AC98C9AD-036C-4690-B96B-ED1D2601715F}
		{097DE0C6-6123-47AD-8050-6A3FA73CB298} = {AC98C9AD-036C-4690-B96B-ED1D2601715F}
		{C91F8736-26E9-4E14-BC38-DB2F3BBD68A9} = {AC98C9AD-036C-4690-B96B-ED1D2601715F}
		{C515E4E7-E283-423E-A08F-D525BD91F2BF} = {AC98C9AD-036C-4690-B96B-ED1D2601715F}
		{7FA3F60F-1AE7-43D2-A7E2-4C849E867083} = {AC98C9AD-036C-4690-B96B-ED1D2601715F}
		{57011108-AB30-4A02-AF15-9F05923C175A} = {AC98C9AD-036C-4690-B96B-ED1D2601715F}
		{FEB8A658-4E41-48EF-9987-0B63A40B951D} = {AC98C9AD-036C-4690-B96B-ED1D2601715F}
		{717EF3ED-5141-4C34-827C-CE04E13D0E9B} = {AC98C9AD-036C-4690-B96B-ED1D2601715F}
		{DA4E7EA8-484A-4E1E-9FB9-D6B2B3F4BA50} = {AC98C9AD-036C-4690-B96B-ED1D2601715F}
		{76D1FD1A-40A9-4704-8DB9-D85CA3C3C807} = {BBBBC4E0-0CD5-4A2F-B814-2DA6A68BE0EC}
		{0B9B40CA-2C6F-4897-9301-40585FF71960} = {76D1FD1A-40A9-4704-8DB9-D85CA3C3C807}
		{225F5FDD-704D-4012-BFC8-CFD4123F7D6D} = {76D1FD1A-40A9-4704-8DB9-D85CA3C3C807}
		{390CB816-C047-4A6F-A618-E457DEE9B71D} = {C27E6491-F9E2-438A-A74C-03CED256BF6F}
		{12ED22AD-35A3-4ACC-9CB3-40345DBAB9BC} = {C27E6491-F9E2-438A-A74C-03CED256BF6F}
		{0B09103C-472F-44C8-9B73-4CF4873DC98C} = {C27E6491-F9E2-438A-A74C-03CED256BF6F}
		{714AF37A-0464-4862-9B61-F0BAD08B071D} = {C27E6491-F9E2-438A-A74C-03CED256BF6F}
		{DD3E69A0-2DDB-4681-8AAC-5816D6ABA9CE} = {C27E6491-F9E2-438A-A74C-03CED256BF6F}
		{7F6772B1-1D58-4C5B-8D56-E0CDDB4E6533} = {C27E6491-F9E2-438A-A74C-03CED256BF6F}
		{FE37C493-BF4C-4707-BD3D-F1B6884AF59E} = {2BFBF4BE-80CC-480D-916D-37E57C03ABFF}
		{8EBBD1B7-8A5E-4DA5-973B-7ED9436E0BDE} = {2BFBF4BE-80CC-480D-916D-37E57C03ABFF}
		{EE505D23-8D1D-47FC-9B19-56D26A6F808B} = {2BFBF4BE-80CC-480D-916D-37E57C03ABFF}
		{BA96FAF6-4B97-41FA-9265-B3C6FD2BBDB3} = {2BFBF4BE-80CC-480D-916D-37E57C03ABFF}
		{EF31BADD-A453-40FD-B819-6E59E47C29DB} = {2BFBF4BE-80CC-480D-916D-37E57C03ABFF}
		{B3E6DCD3-F89D-4DBC-8A54-EBB4B08D2597} = {2BFBF4BE-80CC-480D-916D-37E57C03ABFF}
		{CDDFCB36-3E38-4F70-83F8-A9F12FA8F039} = {406CFD30-E8C6-48A1-B5C8-B98A0A36C276}
		{284D2923-BDC3-46F9-BF59-BB0F5A21E72F} = {406CFD30-E8C6-48A1-B5C8-B98A0A36C276}
		{015C5042-A9FE-4998-9CF6-054563C2FC0A} = {406CFD30-E8C6-48A1-B5C8-B98A0A36C276}
		{74D7DAF1-325B-48D2-80DE-F73D98E7E000} = {7DCFBE62-5214-41B9-9356-6EB7106C0F49}
		{18CF778E-9DAE-48A9-8487-ADFB95058601} = {76D1FD1A-40A9-4704-8DB9-D85CA3C3C807}
		{344C0ABC-0EC9-4079-9EC7-4E9A8231E471} = {EFBCBBE6-A3F3-47D6-9536-1D23FCF8082D}
		{64A1CC82-C791-44E6-A1C5-77C72294578E} = {EFBCBBE6-A3F3-47D6-9536-1D23FCF8082D}
		{4E88A716-EA66-4A65-82FF-3B0CEBDB3013} = {EFBCBBE6-A3F3-47D6-9536-1D23FCF8082D}
		{65D74697-91A7-4AED-B117-119B56A4E4A1} = {EFBCBBE6-A3F3-47D6-9536-1D23FCF8082D}
		{E1215E07-59C8-4102-9ABC-335C50F06C10} = {EFBCBBE6-A3F3-47D6-9536-1D23FCF8082D}
		{6E3D2973-75D4-43E6-ABF3-6D3A391D662D} = {EFBCBBE6-A3F3-47D6-9536-1D23FCF8082D}
		{9CB3B952-BD45-486F-AF60-19F2A35339B2} = {EFBCBBE6-A3F3-47D6-9536-1D23FCF8082D}
		{7A2E720D-A98C-4B65-86E4-C42367CB6D59} = {694D4A44-98B6-4192-AD50-B2E30DF002A5}
		{9F081792-4BCC-420E-9BF6-D631A9677391} = {694D4A44-98B6-4192-AD50-B2E30DF002A5}
		{19A144B0-AF3D-4C05-B006-53BE2DF89637} = {694D4A44-98B6-4192-AD50-B2E30DF002A5}
		{13E606AA-164A-4923-9690-C6444DE1BC96} = {045309F9-2FB1-4689-ABCA-E8DC5F293DC0}
		{FCD77DA2-D172-4FD0-958B-D266FFDBA25F} = {045309F9-2FB1-4689-ABCA-E8DC5F293DC0}
		{8EC4CCF0-23FC-4AFB-A4BF-FBED562159AE} = {045309F9-2FB1-4689-ABCA-E8DC5F293DC0}
		{29E74E56-9D38-42ED-AE35-FF2BF7588782} = {045309F9-2FB1-4689-ABCA-E8DC5F293DC0}
		{DDE506AA-6015-45E7-8766-260E798FB028} = {045309F9-2FB1-4689-ABCA-E8DC5F293DC0}
		{E87352AF-8981-4DEF-8609-C0C03D740B41} = {045309F9-2FB1-4689-ABCA-E8DC5F293DC0}
		{D7AF5F40-2DE0-42F3-ACA7-43D80C649A5E} = {045309F9-2FB1-4689-ABCA-E8DC5F293DC0}
		{0F0F109E-F12A-4C03-81D6-E88B86706D4E} = {BBBBC4E0-0CD5-4A2F-B814-2DA6A68BE0EC}
		{6D096C98-8D6F-4468-B469-00631D83686F} = {0F0F109E-F12A-4C03-81D6-E88B86706D4E}
		{6FB676B1-D6A2-4BF8-B538-2AD99DAE8174} = {0F0F109E-F12A-4C03-81D6-E88B86706D4E}
		{7E39A9FE-3B0A-4AF5-B744-90D3D2C74CE0} = {0F0F109E-F12A-4C03-81D6-E88B86706D4E}
		{6F058030-9E7F-49F8-8494-A0E7C132F5B2} = {0F0F109E-F12A-4C03-81D6-E88B86706D4E}
		{DE5AF885-4942-44EF-AEA0-0786AB1ED551} = {EE92CDFC-46EB-43AC-BFDD-786A533779DE}
		{EB95D2F1-388B-45E1-8883-8B88B6586D5D} = {EE92CDFC-46EB-43AC-BFDD-786A533779DE}
		{38AFEACE-82B1-4182-B97C-CEC7EB9BDA91} = {2C599583-D160-4350-8208-A35530E74811}
		{4E5C7A24-978C-473A-A0E1-C17BF808E3EC} = {2C599583-D160-4350-8208-A35530E74811}
	EndGlobalSection
	GlobalSection(ExtensibilityGlobals) = postSolution
		SolutionGuid = {469D769E-FFE0-48F7-B6B8-D23A5B59642A}
	EndGlobalSection
EndGlobal
